// !$*UTF8*$!
{
	archiveVersion = 1;
	classes = {
	};
	objectVersion = 56;
	objects = {

/* Begin PBXBuildFile section */
		470009D12B2E463B00EBEF86 /* BreastFeedingChronoViewmodel.swift in Sources */ = {isa = PBXBuildFile; fileRef = 470009D02B2E463B00EBEF86 /* BreastFeedingChronoViewmodel.swift */; };
		4704F2C32B2F98310060DCEE /* BottleFeedingController.swift in Sources */ = {isa = PBXBuildFile; fileRef = 4704F2C22B2F98310060DCEE /* BottleFeedingController.swift */; };
		470808222B5D5046004258A5 /* BottleFeedingViewModelTest.swift in Sources */ = {isa = PBXBuildFile; fileRef = 470808212B5D5046004258A5 /* BottleFeedingViewModelTest.swift */; };
		4709E39F2B83757A009F1D27 /* SettingViewModelTest.swift in Sources */ = {isa = PBXBuildFile; fileRef = 4709E39E2B83757A009F1D27 /* SettingViewModelTest.swift */; };
		4711F7702B1E6C3B00869A27 /* TodayViewModelTest.swift in Sources */ = {isa = PBXBuildFile; fileRef = 4711F76F2B1E6C3B00869A27 /* TodayViewModelTest.swift */; };
		4711F7742B1E70AB00869A27 /* Person.swift in Sources */ = {isa = PBXBuildFile; fileRef = 4711F7732B1E70AB00869A27 /* Person.swift */; };
		471201392B88AE0000E63E8D /* MonitorAuditAccessibily.swift in Sources */ = {isa = PBXBuildFile; fileRef = 471201382B88AE0000E63E8D /* MonitorAuditAccessibily.swift */; };
		4712013B2B88AF6C00E63E8D /* TodayAuditAccessibility.swift in Sources */ = {isa = PBXBuildFile; fileRef = 4712013A2B88AF6C00E63E8D /* TodayAuditAccessibility.swift */; };
		4712D43B2B0A9B5C0085035C /* UILabel+.swift in Sources */ = {isa = PBXBuildFile; fileRef = 4712D43A2B0A9B5C0085035C /* UILabel+.swift */; };
		4712D43D2B0A9BC50085035C /* UIView+.swift in Sources */ = {isa = PBXBuildFile; fileRef = 4712D43C2B0A9BC50085035C /* UIView+.swift */; };
		471480AF2B513AF20084589B /* ActivityType.swift in Sources */ = {isa = PBXBuildFile; fileRef = 471480AE2B513AF20084589B /* ActivityType.swift */; };
		47150DF72B7EA317004A9220 /* IconeSettingViewControllerTest.swift in Sources */ = {isa = PBXBuildFile; fileRef = 47150DF62B7EA317004A9220 /* IconeSettingViewControllerTest.swift */; };
		47150DF92B7EAF97004A9220 /* GraphTypeTableViewCell.swift in Sources */ = {isa = PBXBuildFile; fileRef = 47150DF82B7EAF97004A9220 /* GraphTypeTableViewCell.swift */; };
		47155BC82B1DE6E000775B27 /* BackgroundViewController.swift in Sources */ = {isa = PBXBuildFile; fileRef = 47155BC72B1DE6E000775B27 /* BackgroundViewController.swift */; };
		47155BCA2B1DE97000775B27 /* TodayViewController.swift in Sources */ = {isa = PBXBuildFile; fileRef = 47155BC92B1DE97000775B27 /* TodayViewController.swift */; };
		47155BCD2B1DEBDB00775B27 /* TodayViewModel.swift in Sources */ = {isa = PBXBuildFile; fileRef = 47155BCC2B1DEBDB00775B27 /* TodayViewModel.swift */; };
		4719ABE52B0E96380088CBE2 /* BabyNameController.swift in Sources */ = {isa = PBXBuildFile; fileRef = 4719ABE42B0E96380088CBE2 /* BabyNameController.swift */; };
		471D98032B76CB03003C0841 /* AppIcon.swift in Sources */ = {isa = PBXBuildFile; fileRef = 471D98022B76CB03003C0841 /* AppIcon.swift */; };
		4722368D2B6D88E800CBF044 /* DoctorViewModel.swift in Sources */ = {isa = PBXBuildFile; fileRef = 4722368C2B6D88E800CBF044 /* DoctorViewModel.swift */; };
		4726966A2B3D8A18006BC301 /* SleepViewModel.swift in Sources */ = {isa = PBXBuildFile; fileRef = 472696692B3D8A18006BC301 /* SleepViewModel.swift */; };
		472848222B58154700AA6B35 /* BreastFeedingChronoViewModelTest.swift in Sources */ = {isa = PBXBuildFile; fileRef = 472848212B58154700AA6B35 /* BreastFeedingChronoViewModelTest.swift */; };
		472848242B5819FE00AA6B35 /* SolidFeedingViewModelTest.swift in Sources */ = {isa = PBXBuildFile; fileRef = 472848232B5819FD00AA6B35 /* SolidFeedingViewModelTest.swift */; };
		472848262B5824AB00AA6B35 /* SleepViewModelTest.swift in Sources */ = {isa = PBXBuildFile; fileRef = 472848252B5824AB00AA6B35 /* SleepViewModelTest.swift */; };
		472DDABD2B2DEF1600812024 /* UISegmented+.swift in Sources */ = {isa = PBXBuildFile; fileRef = 472DDABC2B2DEF1600812024 /* UISegmented+.swift */; };
		473321C32B5AA29500452F27 /* UIViewController+.swift in Sources */ = {isa = PBXBuildFile; fileRef = 473321C22B5AA29500452F27 /* UIViewController+.swift */; };
		4735B26B2B1140D8000F2B8C /* ViewForInformationController.swift in Sources */ = {isa = PBXBuildFile; fileRef = 4735B26A2B1140D8000F2B8C /* ViewForInformationController.swift */; };
		4735B26E2B1145B7000F2B8C /* GenderController.swift in Sources */ = {isa = PBXBuildFile; fileRef = 4735B26D2B1145B7000F2B8C /* GenderController.swift */; };
		4738B4D22B287D830041ECF0 /* Int+.swift in Sources */ = {isa = PBXBuildFile; fileRef = 4738B4D12B287D830041ECF0 /* Int+.swift */; };
		473D95502B7D5F7000B632C6 /* ApparenceViewModelTest.swift in Sources */ = {isa = PBXBuildFile; fileRef = 473D954F2B7D5F7000B632C6 /* ApparenceViewModelTest.swift */; };
		4745E48C2B70315C0016C52F /* InformationUserSettingCell.swift in Sources */ = {isa = PBXBuildFile; fileRef = 4745E48B2B70315C0016C52F /* InformationUserSettingCell.swift */; };
		47467D0E2B5C6114006AB25B /* BottleFeedingViewModel.swift in Sources */ = {isa = PBXBuildFile; fileRef = 47467D0D2B5C6114006AB25B /* BottleFeedingViewModel.swift */; };
		4747324D2B1234BB0064ABB4 /* ParentNameController.swift in Sources */ = {isa = PBXBuildFile; fileRef = 4747324C2B1234BB0064ABB4 /* ParentNameController.swift */; };
		474732532B1239CF0064ABB4 /* GenderViewModel.swift in Sources */ = {isa = PBXBuildFile; fileRef = 474732522B1239CF0064ABB4 /* GenderViewModel.swift */; };
		474732582B123F8D0064ABB4 /* UserDefaultsManagerTest.swift in Sources */ = {isa = PBXBuildFile; fileRef = 474732572B123F8D0064ABB4 /* UserDefaultsManagerTest.swift */; };
		4747325A2B12432C0064ABB4 /* GenderViewModelTest.swift in Sources */ = {isa = PBXBuildFile; fileRef = 474732592B12432C0064ABB4 /* GenderViewModelTest.swift */; };
		4748658A2B49F1AF00CB5E29 /* UserDefaultsManagerMock.swift in Sources */ = {isa = PBXBuildFile; fileRef = 474865892B49F1AF00CB5E29 /* UserDefaultsManagerMock.swift */; };
		4748E64A2B30DFDF0082A0CE /* SolideFeedingViewModel.swift in Sources */ = {isa = PBXBuildFile; fileRef = 4748E6492B30DFDF0082A0CE /* SolideFeedingViewModel.swift */; };
		47494BD32B35A7F9002A0A93 /* SleepController.swift in Sources */ = {isa = PBXBuildFile; fileRef = 47494BD22B35A7F9002A0A93 /* SleepController.swift */; };
		47494BD52B35ADAD002A0A93 /* ActivityController.swift in Sources */ = {isa = PBXBuildFile; fileRef = 47494BD42B35ADAD002A0A93 /* ActivityController.swift */; };
		474C24402B717FE10002AD83 /* informationViewController.swift in Sources */ = {isa = PBXBuildFile; fileRef = 474C243F2B717FE10002AD83 /* informationViewController.swift */; };
		474C24422B718EFA0002AD83 /* InformationViewModel.swift in Sources */ = {isa = PBXBuildFile; fileRef = 474C24412B718EFA0002AD83 /* InformationViewModel.swift */; };
		474C945B2B2B9FFE009A7D74 /* FoodTapBar.swift in Sources */ = {isa = PBXBuildFile; fileRef = 474C945A2B2B9FFE009A7D74 /* FoodTapBar.swift */; };
		474EE9062B3B69100047054B /* GrowthCell.swift in Sources */ = {isa = PBXBuildFile; fileRef = 474EE9052B3B69100047054B /* GrowthCell.swift */; };
		475071D82B09462000DAB527 /* AppDelegate.swift in Sources */ = {isa = PBXBuildFile; fileRef = 475071D72B09462000DAB527 /* AppDelegate.swift */; };
		475071DA2B09462000DAB527 /* SceneDelegate.swift in Sources */ = {isa = PBXBuildFile; fileRef = 475071D92B09462000DAB527 /* SceneDelegate.swift */; };
		475071E22B09462000DAB527 /* MarmotMonitor.xcdatamodeld in Sources */ = {isa = PBXBuildFile; fileRef = 475071E02B09462000DAB527 /* MarmotMonitor.xcdatamodeld */; };
		475071E42B09462100DAB527 /* Assets.xcassets in Resources */ = {isa = PBXBuildFile; fileRef = 475071E32B09462100DAB527 /* Assets.xcassets */; };
		475071E72B09462100DAB527 /* LaunchScreen.storyboard in Resources */ = {isa = PBXBuildFile; fileRef = 475071E52B09462100DAB527 /* LaunchScreen.storyboard */; };
		475071FC2B09462100DAB527 /* MarmotMonitorUITests.swift in Sources */ = {isa = PBXBuildFile; fileRef = 475071FB2B09462100DAB527 /* MarmotMonitorUITests.swift */; };
		475071FE2B09462100DAB527 /* MarmotMonitorUITestsLaunchTests.swift in Sources */ = {isa = PBXBuildFile; fileRef = 475071FD2B09462100DAB527 /* MarmotMonitorUITestsLaunchTests.swift */; };
		4750720E2B09576900DAB527 /* TapBarController.swift in Sources */ = {isa = PBXBuildFile; fileRef = 4750720D2B09576900DAB527 /* TapBarController.swift */; };
		475BD8EF2B597FBF003F1158 /* DiaperViewModel.swift in Sources */ = {isa = PBXBuildFile; fileRef = 475BD8EE2B597FBF003F1158 /* DiaperViewModel.swift */; };
		475BD8F12B59B43F003F1158 /* DiaperViewModelTest.swift in Sources */ = {isa = PBXBuildFile; fileRef = 475BD8F02B59B43F003F1158 /* DiaperViewModelTest.swift */; };
		475C3AC52B6EDDF2003E5BA8 /* DoctorViewModeltest.swift in Sources */ = {isa = PBXBuildFile; fileRef = 475C3AC42B6EDDF2003E5BA8 /* DoctorViewModeltest.swift */; };
		475C3AC82B6EE400003E5BA8 /* SettingViewController.swift in Sources */ = {isa = PBXBuildFile; fileRef = 475C3AC72B6EE400003E5BA8 /* SettingViewController.swift */; };
		475F9FC02B6109D9001C4A4E /* GraphView.swift in Sources */ = {isa = PBXBuildFile; fileRef = 475F9FBF2B6109D9001C4A4E /* GraphView.swift */; };
		475F9FC32B6163D9001C4A4E /* LegendGraphView.swift in Sources */ = {isa = PBXBuildFile; fileRef = 475F9FC22B6163D9001C4A4E /* LegendGraphView.swift */; };
		475F9FC52B616A69001C4A4E /* MonitorViewModel.swift in Sources */ = {isa = PBXBuildFile; fileRef = 475F9FC42B616A69001C4A4E /* MonitorViewModel.swift */; };
		4767543A2B37912F00C83E6D /* BackGroundActivity.swift in Sources */ = {isa = PBXBuildFile; fileRef = 476754392B37912F00C83E6D /* BackGroundActivity.swift */; };
		4767543C2B3792BC00C83E6D /* SleepCell.swift in Sources */ = {isa = PBXBuildFile; fileRef = 4767543B2B3792BC00C83E6D /* SleepCell.swift */; };
		476AF6302B27A10100F4935F /* UIButton+.swift in Sources */ = {isa = PBXBuildFile; fileRef = 476AF62F2B27A10100F4935F /* UIButton+.swift */; };
		4772CA602B781E6000CEBDAE /* IconeSettingCell.swift in Sources */ = {isa = PBXBuildFile; fileRef = 4772CA5F2B781E6000CEBDAE /* IconeSettingCell.swift */; };
		4777ABEF2B2501710055DF4A /* BreastFeedingController.swift in Sources */ = {isa = PBXBuildFile; fileRef = 4777ABEE2B2501710055DF4A /* BreastFeedingController.swift */; };
		4779579D2B547ADD0021178D /* BenchMarkTest.swift in Sources */ = {isa = PBXBuildFile; fileRef = 4779579C2B547ADD0021178D /* BenchMarkTest.swift */; };
		477B86932B3384D100333768 /* meal.swift in Sources */ = {isa = PBXBuildFile; fileRef = 477B86922B3384D100333768 /* meal.swift */; };
		478AA2572B7AB3D100D4AE7C /* ApparenceSettingViewController.swift in Sources */ = {isa = PBXBuildFile; fileRef = 478AA2562B7AB3D100D4AE7C /* ApparenceSettingViewController.swift */; };
		478E79072B1370DC004157AF /* BirthDayController.swift in Sources */ = {isa = PBXBuildFile; fileRef = 478E79062B1370DC004157AF /* BirthDayController.swift */; };
		478E79092B1375F3004157AF /* BirthDayViewModel.swift in Sources */ = {isa = PBXBuildFile; fileRef = 478E79082B1375F3004157AF /* BirthDayViewModel.swift */; };
		478E790B2B137CD1004157AF /* Date+.swift in Sources */ = {isa = PBXBuildFile; fileRef = 478E790A2B137CD1004157AF /* Date+.swift */; };
		478E790D2B138099004157AF /* BirthDayViewModelTest.swift in Sources */ = {isa = PBXBuildFile; fileRef = 478E790C2B138099004157AF /* BirthDayViewModelTest.swift */; };
		478E79102B138200004157AF /* String+.swift in Sources */ = {isa = PBXBuildFile; fileRef = 478E790F2B138200004157AF /* String+.swift */; };
		47916BBC2B7BD02600BD112A /* ApparenceSettingViewModel.swift in Sources */ = {isa = PBXBuildFile; fileRef = 47916BBB2B7BD02600BD112A /* ApparenceSettingViewModel.swift */; };
		4792CB592B3063720010AE38 /* SolideFeedingController.swift in Sources */ = {isa = PBXBuildFile; fileRef = 4792CB582B3063720010AE38 /* SolideFeedingController.swift */; };
		4792CB5B2B3068270010AE38 /* SolideCell.swift in Sources */ = {isa = PBXBuildFile; fileRef = 4792CB5A2B3068270010AE38 /* SolideCell.swift */; };
		4792E9552B814D5100993195 /* informationViewModelTest.swift in Sources */ = {isa = PBXBuildFile; fileRef = 4792E9542B814D5100993195 /* informationViewModelTest.swift */; };
		4792E9572B8154BA00993195 /* ErrorSetting.swift in Sources */ = {isa = PBXBuildFile; fileRef = 4792E9562B8154BA00993195 /* ErrorSetting.swift */; };
		479A2A632B739AFA002C4FAF /* SettingCell.swift in Sources */ = {isa = PBXBuildFile; fileRef = 479A2A622B739AFA002C4FAF /* SettingCell.swift */; };
		479FC9592B56D550001BAC22 /* timeInterval+.swift in Sources */ = {isa = PBXBuildFile; fileRef = 479FC9582B56D550001BAC22 /* timeInterval+.swift */; };
		47A0E6B62B3B13B400F894A1 /* GrowthController.swift in Sources */ = {isa = PBXBuildFile; fileRef = 47A0E6B52B3B13B400F894A1 /* GrowthController.swift */; };
		47A3A3542B0FE7FD00447362 /* WelcomeController.swift in Sources */ = {isa = PBXBuildFile; fileRef = 47A3A3532B0FE7FD00447362 /* WelcomeController.swift */; };
		47A6D4502B8619900022FDB8 /* DetailGraphViewController.swift in Sources */ = {isa = PBXBuildFile; fileRef = 47A6D44F2B8619900022FDB8 /* DetailGraphViewController.swift */; };
		47A6D4532B861B5A0022FDB8 /* DetailGraphCell.swift in Sources */ = {isa = PBXBuildFile; fileRef = 47A6D4522B861B5A0022FDB8 /* DetailGraphCell.swift */; };
		47AF89762B3A28200068FE1F /* diaperController.swift in Sources */ = {isa = PBXBuildFile; fileRef = 47AF89752B3A28200068FE1F /* diaperController.swift */; };
		47AF89782B3A29E90068FE1F /* diaperCell.swift in Sources */ = {isa = PBXBuildFile; fileRef = 47AF89772B3A29E90068FE1F /* diaperCell.swift */; };
		47B2316A2B6C35C30079B436 /* DoctorViewController.swift in Sources */ = {isa = PBXBuildFile; fileRef = 47B231692B6C35C30079B436 /* DoctorViewController.swift */; };
		47B2316D2B6C390E0079B436 /* DGCharts in Frameworks */ = {isa = PBXBuildFile; productRef = 47B2316C2B6C390E0079B436 /* DGCharts */; };
		47B500A02B7910AB0055A4A2 /* IconSettingViewModel.swift in Sources */ = {isa = PBXBuildFile; fileRef = 47B5009F2B7910AB0055A4A2 /* IconSettingViewModel.swift */; };
		47B984CE2B77833F000DBB80 /* IconSettingViewController.swift in Sources */ = {isa = PBXBuildFile; fileRef = 47B984CD2B77833F000DBB80 /* IconSettingViewController.swift */; };
		47C8F36C2B741BA500E94668 /* GraphtypeViewController.swift in Sources */ = {isa = PBXBuildFile; fileRef = 47C8F36B2B741BA500E94668 /* GraphtypeViewController.swift */; };
		47C8F36E2B74280500E94668 /* GraphtypeViewModel.swift in Sources */ = {isa = PBXBuildFile; fileRef = 47C8F36D2B74280500E94668 /* GraphtypeViewModel.swift */; };
		47CABD8D2B128A5A00C5919A /* UserDefault+.swift in Sources */ = {isa = PBXBuildFile; fileRef = 47CABD8C2B128A5A00C5919A /* UserDefault+.swift */; };
		47CABD8F2B128D6A00C5919A /* UIApplication.swift in Sources */ = {isa = PBXBuildFile; fileRef = 47CABD8E2B128D6A00C5919A /* UIApplication.swift */; };
		47CABD912B128DBE00C5919A /* MarmotMonitorAuditAccessibility.swift in Sources */ = {isa = PBXBuildFile; fileRef = 47CABD902B128DBE00C5919A /* MarmotMonitorAuditAccessibility.swift */; };
		47CE16D12B62987400A51B78 /* MonitorViewModelTest.swift in Sources */ = {isa = PBXBuildFile; fileRef = 47CE16D02B62987400A51B78 /* MonitorViewModelTest.swift */; };
		47CFD7C02B0CCB3D00CFE4BE /* Color+.swift in Sources */ = {isa = PBXBuildFile; fileRef = 47CFD7BF2B0CCB3D00CFE4BE /* Color+.swift */; };
		47D2BBD12B7FF32700095348 /* settingAuditAccessibilityTests.swift in Sources */ = {isa = PBXBuildFile; fileRef = 47D2BBD02B7FF32700095348 /* settingAuditAccessibilityTests.swift */; };
		47D2BBD32B7FFA7A00095348 /* textField+.swift in Sources */ = {isa = PBXBuildFile; fileRef = 47D2BBD22B7FFA7A00095348 /* textField+.swift */; };
		47D7895F2B5E96AD00B4912D /* GrowthViewModel.swift in Sources */ = {isa = PBXBuildFile; fileRef = 47D7895E2B5E96AD00B4912D /* GrowthViewModel.swift */; };
		47D789612B5E9B6400B4912D /* GrowthViewmodelTest.swift in Sources */ = {isa = PBXBuildFile; fileRef = 47D789602B5E9B6400B4912D /* GrowthViewmodelTest.swift */; };
		47D7E1B82B5566950038C6E2 /* CoreDataManagerMock.swift in Sources */ = {isa = PBXBuildFile; fileRef = 47D7E1B72B5566950038C6E2 /* CoreDataManagerMock.swift */; };
		47D89C922B8692F0007548FD /* DetailGraphViewModel.swift in Sources */ = {isa = PBXBuildFile; fileRef = 47D89C912B8692F0007548FD /* DetailGraphViewModel.swift */; };
		47D8DA5F2B4B37F000D97CD1 /* Solid+CoreDataClass.swift in Sources */ = {isa = PBXBuildFile; fileRef = 47D8DA4F2B4B37F000D97CD1 /* Solid+CoreDataClass.swift */; };
		47D8DA602B4B37F000D97CD1 /* Solid+CoreDataProperties.swift in Sources */ = {isa = PBXBuildFile; fileRef = 47D8DA502B4B37F000D97CD1 /* Solid+CoreDataProperties.swift */; };
		47D8DA632B4B37F000D97CD1 /* Sleep+CoreDataClass.swift in Sources */ = {isa = PBXBuildFile; fileRef = 47D8DA532B4B37F000D97CD1 /* Sleep+CoreDataClass.swift */; };
		47D8DA642B4B37F000D97CD1 /* Sleep+CoreDataProperties.swift in Sources */ = {isa = PBXBuildFile; fileRef = 47D8DA542B4B37F000D97CD1 /* Sleep+CoreDataProperties.swift */; };
		47D8DA652B4B37F000D97CD1 /* Bottle+CoreDataClass.swift in Sources */ = {isa = PBXBuildFile; fileRef = 47D8DA552B4B37F000D97CD1 /* Bottle+CoreDataClass.swift */; };
		47D8DA662B4B37F000D97CD1 /* Bottle+CoreDataProperties.swift in Sources */ = {isa = PBXBuildFile; fileRef = 47D8DA562B4B37F000D97CD1 /* Bottle+CoreDataProperties.swift */; };
		47D8DA672B4B37F000D97CD1 /* Activity+CoreDataClass.swift in Sources */ = {isa = PBXBuildFile; fileRef = 47D8DA572B4B37F000D97CD1 /* Activity+CoreDataClass.swift */; };
		47D8DA682B4B37F000D97CD1 /* Activity+CoreDataProperties.swift in Sources */ = {isa = PBXBuildFile; fileRef = 47D8DA582B4B37F000D97CD1 /* Activity+CoreDataProperties.swift */; };
		47D8DA692B4B37F000D97CD1 /* Breast+CoreDataClass.swift in Sources */ = {isa = PBXBuildFile; fileRef = 47D8DA592B4B37F000D97CD1 /* Breast+CoreDataClass.swift */; };
		47D8DA6A2B4B37F000D97CD1 /* Breast+CoreDataProperties.swift in Sources */ = {isa = PBXBuildFile; fileRef = 47D8DA5A2B4B37F000D97CD1 /* Breast+CoreDataProperties.swift */; };
		47D8DA6B2B4B37F000D97CD1 /* Diaper+CoreDataClass.swift in Sources */ = {isa = PBXBuildFile; fileRef = 47D8DA5B2B4B37F000D97CD1 /* Diaper+CoreDataClass.swift */; };
		47D8DA6C2B4B37F000D97CD1 /* Diaper+CoreDataProperties.swift in Sources */ = {isa = PBXBuildFile; fileRef = 47D8DA5C2B4B37F000D97CD1 /* Diaper+CoreDataProperties.swift */; };
		47D8DA6D2B4B37F000D97CD1 /* Growth+CoreDataClass.swift in Sources */ = {isa = PBXBuildFile; fileRef = 47D8DA5D2B4B37F000D97CD1 /* Growth+CoreDataClass.swift */; };
		47D8DA6E2B4B37F000D97CD1 /* Growth+CoreDataProperties.swift in Sources */ = {isa = PBXBuildFile; fileRef = 47D8DA5E2B4B37F000D97CD1 /* Growth+CoreDataProperties.swift */; };
		47D8DA712B4B405800D97CD1 /* DateActivity+CoreDataClass.swift in Sources */ = {isa = PBXBuildFile; fileRef = 47D8DA6F2B4B405800D97CD1 /* DateActivity+CoreDataClass.swift */; };
		47D8DA722B4B405800D97CD1 /* DateActivity+CoreDataProperties.swift in Sources */ = {isa = PBXBuildFile; fileRef = 47D8DA702B4B405800D97CD1 /* DateActivity+CoreDataProperties.swift */; };
		47D8DA742B4B45BE00D97CD1 /* CoreDataManager.swift in Sources */ = {isa = PBXBuildFile; fileRef = 47D8DA732B4B45BE00D97CD1 /* CoreDataManager.swift */; };
		47D8DA762B4B461D00D97CD1 /* MarmotMonitorSaveManager.swift in Sources */ = {isa = PBXBuildFile; fileRef = 47D8DA752B4B461D00D97CD1 /* MarmotMonitorSaveManager.swift */; };
		47D8DA792B4B49B600D97CD1 /* MarmotMonitoSaveManagerTest.swift in Sources */ = {isa = PBXBuildFile; fileRef = 47D8DA782B4B49B600D97CD1 /* MarmotMonitoSaveManagerTest.swift */; };
		47D8DA7B2B4B4A0100D97CD1 /* TestCase.swift in Sources */ = {isa = PBXBuildFile; fileRef = 47D8DA7A2B4B4A0100D97CD1 /* TestCase.swift */; };
		47DB9E7F2B7100F800A58CAB /* SettingViewModel.swift in Sources */ = {isa = PBXBuildFile; fileRef = 47DB9E7E2B7100F800A58CAB /* SettingViewModel.swift */; };
		47E2A40B2B49848B008E75DD /* UserDefaultManager.swift in Sources */ = {isa = PBXBuildFile; fileRef = 47E2A40A2B49848B008E75DD /* UserDefaultManager.swift */; };
		47E45E1B2B65ADA9005E5268 /* imageName.swift in Sources */ = {isa = PBXBuildFile; fileRef = 47E45E1A2B65ADA9005E5268 /* imageName.swift */; };
		47F675892B87DB7A00D65D3B /* DetailGraphViewModelTest.swift in Sources */ = {isa = PBXBuildFile; fileRef = 47F675882B87DB7A00D65D3B /* DetailGraphViewModelTest.swift */; };
		47F81B9D2B6058430042A055 /* MonitorViewController.swift in Sources */ = {isa = PBXBuildFile; fileRef = 47F81B9C2B6058430042A055 /* MonitorViewController.swift */; };
		47F81B9F2B605AEC0042A055 /* MonitorCell.swift in Sources */ = {isa = PBXBuildFile; fileRef = 47F81B9E2B605AEC0042A055 /* MonitorCell.swift */; };
		47F81BA12B605F610042A055 /* GraphType.swift in Sources */ = {isa = PBXBuildFile; fileRef = 47F81BA02B605F610042A055 /* GraphType.swift */; };
		47F99B8C2B6E79FA00306A30 /* MyXAxisFormatter.swift in Sources */ = {isa = PBXBuildFile; fileRef = 47F99B8B2B6E79FA00306A30 /* MyXAxisFormatter.swift */; };
/* End PBXBuildFile section */

/* Begin PBXContainerItemProxy section */
		475071EE2B09462100DAB527 /* PBXContainerItemProxy */ = {
			isa = PBXContainerItemProxy;
			containerPortal = 475071CC2B09462000DAB527 /* Project object */;
			proxyType = 1;
			remoteGlobalIDString = 475071D32B09462000DAB527;
			remoteInfo = MarmotMonitor;
		};
		475071F82B09462100DAB527 /* PBXContainerItemProxy */ = {
			isa = PBXContainerItemProxy;
			containerPortal = 475071CC2B09462000DAB527 /* Project object */;
			proxyType = 1;
			remoteGlobalIDString = 475071D32B09462000DAB527;
			remoteInfo = MarmotMonitor;
		};
/* End PBXContainerItemProxy section */

/* Begin PBXFileReference section */
		470009D02B2E463B00EBEF86 /* BreastFeedingChronoViewmodel.swift */ = {isa = PBXFileReference; lastKnownFileType = sourcecode.swift; path = BreastFeedingChronoViewmodel.swift; sourceTree = "<group>"; };
		4704F2C22B2F98310060DCEE /* BottleFeedingController.swift */ = {isa = PBXFileReference; lastKnownFileType = sourcecode.swift; path = BottleFeedingController.swift; sourceTree = "<group>"; };
		470808212B5D5046004258A5 /* BottleFeedingViewModelTest.swift */ = {isa = PBXFileReference; lastKnownFileType = sourcecode.swift; path = BottleFeedingViewModelTest.swift; sourceTree = "<group>"; };
		4709E39E2B83757A009F1D27 /* SettingViewModelTest.swift */ = {isa = PBXFileReference; lastKnownFileType = sourcecode.swift; path = SettingViewModelTest.swift; sourceTree = "<group>"; };
		4711F76F2B1E6C3B00869A27 /* TodayViewModelTest.swift */ = {isa = PBXFileReference; lastKnownFileType = sourcecode.swift; path = TodayViewModelTest.swift; sourceTree = "<group>"; };
		4711F7732B1E70AB00869A27 /* Person.swift */ = {isa = PBXFileReference; lastKnownFileType = sourcecode.swift; path = Person.swift; sourceTree = "<group>"; };
		471201382B88AE0000E63E8D /* MonitorAuditAccessibily.swift */ = {isa = PBXFileReference; lastKnownFileType = sourcecode.swift; path = MonitorAuditAccessibily.swift; sourceTree = "<group>"; };
		4712013A2B88AF6C00E63E8D /* TodayAuditAccessibility.swift */ = {isa = PBXFileReference; lastKnownFileType = sourcecode.swift; path = TodayAuditAccessibility.swift; sourceTree = "<group>"; };
		4712D43A2B0A9B5C0085035C /* UILabel+.swift */ = {isa = PBXFileReference; lastKnownFileType = sourcecode.swift; path = "UILabel+.swift"; sourceTree = "<group>"; };
		4712D43C2B0A9BC50085035C /* UIView+.swift */ = {isa = PBXFileReference; lastKnownFileType = sourcecode.swift; path = "UIView+.swift"; sourceTree = "<group>"; };
		471480AE2B513AF20084589B /* ActivityType.swift */ = {isa = PBXFileReference; lastKnownFileType = sourcecode.swift; path = ActivityType.swift; sourceTree = "<group>"; };
		47150DF62B7EA317004A9220 /* IconeSettingViewControllerTest.swift */ = {isa = PBXFileReference; lastKnownFileType = sourcecode.swift; path = IconeSettingViewControllerTest.swift; sourceTree = "<group>"; };
		47150DF82B7EAF97004A9220 /* GraphTypeTableViewCell.swift */ = {isa = PBXFileReference; lastKnownFileType = sourcecode.swift; path = GraphTypeTableViewCell.swift; sourceTree = "<group>"; };
		47155BC72B1DE6E000775B27 /* BackgroundViewController.swift */ = {isa = PBXFileReference; lastKnownFileType = sourcecode.swift; path = BackgroundViewController.swift; sourceTree = "<group>"; };
		47155BC92B1DE97000775B27 /* TodayViewController.swift */ = {isa = PBXFileReference; lastKnownFileType = sourcecode.swift; path = TodayViewController.swift; sourceTree = "<group>"; };
		47155BCC2B1DEBDB00775B27 /* TodayViewModel.swift */ = {isa = PBXFileReference; lastKnownFileType = sourcecode.swift; path = TodayViewModel.swift; sourceTree = "<group>"; };
		4719ABE42B0E96380088CBE2 /* BabyNameController.swift */ = {isa = PBXFileReference; lastKnownFileType = sourcecode.swift; path = BabyNameController.swift; sourceTree = "<group>"; };
		471D98022B76CB03003C0841 /* AppIcon.swift */ = {isa = PBXFileReference; lastKnownFileType = sourcecode.swift; path = AppIcon.swift; sourceTree = "<group>"; };
		4722368C2B6D88E800CBF044 /* DoctorViewModel.swift */ = {isa = PBXFileReference; lastKnownFileType = sourcecode.swift; path = DoctorViewModel.swift; sourceTree = "<group>"; };
		472696692B3D8A18006BC301 /* SleepViewModel.swift */ = {isa = PBXFileReference; lastKnownFileType = sourcecode.swift; path = SleepViewModel.swift; sourceTree = "<group>"; };
		472848212B58154700AA6B35 /* BreastFeedingChronoViewModelTest.swift */ = {isa = PBXFileReference; lastKnownFileType = sourcecode.swift; path = BreastFeedingChronoViewModelTest.swift; sourceTree = "<group>"; };
		472848232B5819FD00AA6B35 /* SolidFeedingViewModelTest.swift */ = {isa = PBXFileReference; lastKnownFileType = sourcecode.swift; path = SolidFeedingViewModelTest.swift; sourceTree = "<group>"; };
		472848252B5824AB00AA6B35 /* SleepViewModelTest.swift */ = {isa = PBXFileReference; lastKnownFileType = sourcecode.swift; path = SleepViewModelTest.swift; sourceTree = "<group>"; };
		472DDABC2B2DEF1600812024 /* UISegmented+.swift */ = {isa = PBXFileReference; lastKnownFileType = sourcecode.swift; path = "UISegmented+.swift"; sourceTree = "<group>"; };
		473321C22B5AA29500452F27 /* UIViewController+.swift */ = {isa = PBXFileReference; lastKnownFileType = sourcecode.swift; path = "UIViewController+.swift"; sourceTree = "<group>"; };
		4735B26A2B1140D8000F2B8C /* ViewForInformationController.swift */ = {isa = PBXFileReference; lastKnownFileType = sourcecode.swift; path = ViewForInformationController.swift; sourceTree = "<group>"; };
		4735B26D2B1145B7000F2B8C /* GenderController.swift */ = {isa = PBXFileReference; lastKnownFileType = sourcecode.swift; path = GenderController.swift; sourceTree = "<group>"; };
		4738B4D12B287D830041ECF0 /* Int+.swift */ = {isa = PBXFileReference; lastKnownFileType = sourcecode.swift; path = "Int+.swift"; sourceTree = "<group>"; };
		473D954F2B7D5F7000B632C6 /* ApparenceViewModelTest.swift */ = {isa = PBXFileReference; lastKnownFileType = sourcecode.swift; path = ApparenceViewModelTest.swift; sourceTree = "<group>"; };
		4745E48B2B70315C0016C52F /* InformationUserSettingCell.swift */ = {isa = PBXFileReference; lastKnownFileType = sourcecode.swift; path = InformationUserSettingCell.swift; sourceTree = "<group>"; };
		47467D0D2B5C6114006AB25B /* BottleFeedingViewModel.swift */ = {isa = PBXFileReference; lastKnownFileType = sourcecode.swift; path = BottleFeedingViewModel.swift; sourceTree = "<group>"; };
		4747324C2B1234BB0064ABB4 /* ParentNameController.swift */ = {isa = PBXFileReference; lastKnownFileType = sourcecode.swift; path = ParentNameController.swift; sourceTree = "<group>"; };
		474732522B1239CF0064ABB4 /* GenderViewModel.swift */ = {isa = PBXFileReference; lastKnownFileType = sourcecode.swift; path = GenderViewModel.swift; sourceTree = "<group>"; };
		474732572B123F8D0064ABB4 /* UserDefaultsManagerTest.swift */ = {isa = PBXFileReference; lastKnownFileType = sourcecode.swift; path = UserDefaultsManagerTest.swift; sourceTree = "<group>"; };
		474732592B12432C0064ABB4 /* GenderViewModelTest.swift */ = {isa = PBXFileReference; lastKnownFileType = sourcecode.swift; path = GenderViewModelTest.swift; sourceTree = "<group>"; };
		474865892B49F1AF00CB5E29 /* UserDefaultsManagerMock.swift */ = {isa = PBXFileReference; lastKnownFileType = sourcecode.swift; path = UserDefaultsManagerMock.swift; sourceTree = "<group>"; };
		4748E6492B30DFDF0082A0CE /* SolideFeedingViewModel.swift */ = {isa = PBXFileReference; lastKnownFileType = sourcecode.swift; path = SolideFeedingViewModel.swift; sourceTree = "<group>"; };
		47494BD22B35A7F9002A0A93 /* SleepController.swift */ = {isa = PBXFileReference; lastKnownFileType = sourcecode.swift; path = SleepController.swift; sourceTree = "<group>"; };
		47494BD42B35ADAD002A0A93 /* ActivityController.swift */ = {isa = PBXFileReference; lastKnownFileType = sourcecode.swift; path = ActivityController.swift; sourceTree = "<group>"; };
		474C243F2B717FE10002AD83 /* informationViewController.swift */ = {isa = PBXFileReference; lastKnownFileType = sourcecode.swift; path = informationViewController.swift; sourceTree = "<group>"; };
		474C24412B718EFA0002AD83 /* InformationViewModel.swift */ = {isa = PBXFileReference; lastKnownFileType = sourcecode.swift; path = InformationViewModel.swift; sourceTree = "<group>"; };
		474C945A2B2B9FFE009A7D74 /* FoodTapBar.swift */ = {isa = PBXFileReference; lastKnownFileType = sourcecode.swift; path = FoodTapBar.swift; sourceTree = "<group>"; };
		474EE9052B3B69100047054B /* GrowthCell.swift */ = {isa = PBXFileReference; lastKnownFileType = sourcecode.swift; path = GrowthCell.swift; sourceTree = "<group>"; };
		475071D42B09462000DAB527 /* MarmotMonitor.app */ = {isa = PBXFileReference; explicitFileType = wrapper.application; includeInIndex = 0; path = MarmotMonitor.app; sourceTree = BUILT_PRODUCTS_DIR; };
		475071D72B09462000DAB527 /* AppDelegate.swift */ = {isa = PBXFileReference; lastKnownFileType = sourcecode.swift; path = AppDelegate.swift; sourceTree = "<group>"; };
		475071D92B09462000DAB527 /* SceneDelegate.swift */ = {isa = PBXFileReference; lastKnownFileType = sourcecode.swift; path = SceneDelegate.swift; sourceTree = "<group>"; };
		475071E12B09462000DAB527 /* MarmotMonitor.xcdatamodel */ = {isa = PBXFileReference; lastKnownFileType = wrapper.xcdatamodel; path = MarmotMonitor.xcdatamodel; sourceTree = "<group>"; };
		475071E32B09462100DAB527 /* Assets.xcassets */ = {isa = PBXFileReference; lastKnownFileType = folder.assetcatalog; path = Assets.xcassets; sourceTree = "<group>"; };
		475071E62B09462100DAB527 /* Base */ = {isa = PBXFileReference; lastKnownFileType = file.storyboard; name = Base; path = Base.lproj/LaunchScreen.storyboard; sourceTree = "<group>"; };
		475071E82B09462100DAB527 /* Info.plist */ = {isa = PBXFileReference; lastKnownFileType = text.plist.xml; path = Info.plist; sourceTree = "<group>"; };
		475071ED2B09462100DAB527 /* MarmotMonitorTests.xctest */ = {isa = PBXFileReference; explicitFileType = wrapper.cfbundle; includeInIndex = 0; path = MarmotMonitorTests.xctest; sourceTree = BUILT_PRODUCTS_DIR; };
		475071F72B09462100DAB527 /* MarmotMonitorUITests.xctest */ = {isa = PBXFileReference; explicitFileType = wrapper.cfbundle; includeInIndex = 0; path = MarmotMonitorUITests.xctest; sourceTree = BUILT_PRODUCTS_DIR; };
		475071FB2B09462100DAB527 /* MarmotMonitorUITests.swift */ = {isa = PBXFileReference; lastKnownFileType = sourcecode.swift; path = MarmotMonitorUITests.swift; sourceTree = "<group>"; };
		475071FD2B09462100DAB527 /* MarmotMonitorUITestsLaunchTests.swift */ = {isa = PBXFileReference; lastKnownFileType = sourcecode.swift; path = MarmotMonitorUITestsLaunchTests.swift; sourceTree = "<group>"; };
		4750720D2B09576900DAB527 /* TapBarController.swift */ = {isa = PBXFileReference; lastKnownFileType = sourcecode.swift; path = TapBarController.swift; sourceTree = "<group>"; };
		475BD8EE2B597FBF003F1158 /* DiaperViewModel.swift */ = {isa = PBXFileReference; lastKnownFileType = sourcecode.swift; path = DiaperViewModel.swift; sourceTree = "<group>"; };
		475BD8F02B59B43F003F1158 /* DiaperViewModelTest.swift */ = {isa = PBXFileReference; lastKnownFileType = sourcecode.swift; path = DiaperViewModelTest.swift; sourceTree = "<group>"; };
		475C3AC42B6EDDF2003E5BA8 /* DoctorViewModeltest.swift */ = {isa = PBXFileReference; lastKnownFileType = sourcecode.swift; path = DoctorViewModeltest.swift; sourceTree = "<group>"; };
		475C3AC72B6EE400003E5BA8 /* SettingViewController.swift */ = {isa = PBXFileReference; lastKnownFileType = sourcecode.swift; path = SettingViewController.swift; sourceTree = "<group>"; };
		475F9FBF2B6109D9001C4A4E /* GraphView.swift */ = {isa = PBXFileReference; lastKnownFileType = sourcecode.swift; path = GraphView.swift; sourceTree = "<group>"; };
		475F9FC22B6163D9001C4A4E /* LegendGraphView.swift */ = {isa = PBXFileReference; lastKnownFileType = sourcecode.swift; path = LegendGraphView.swift; sourceTree = "<group>"; };
		475F9FC42B616A69001C4A4E /* MonitorViewModel.swift */ = {isa = PBXFileReference; lastKnownFileType = sourcecode.swift; path = MonitorViewModel.swift; sourceTree = "<group>"; };
		476754392B37912F00C83E6D /* BackGroundActivity.swift */ = {isa = PBXFileReference; lastKnownFileType = sourcecode.swift; path = BackGroundActivity.swift; sourceTree = "<group>"; };
		4767543B2B3792BC00C83E6D /* SleepCell.swift */ = {isa = PBXFileReference; lastKnownFileType = sourcecode.swift; path = SleepCell.swift; sourceTree = "<group>"; };
		476AF62F2B27A10100F4935F /* UIButton+.swift */ = {isa = PBXFileReference; lastKnownFileType = sourcecode.swift; path = "UIButton+.swift"; sourceTree = "<group>"; };
		4772CA5F2B781E6000CEBDAE /* IconeSettingCell.swift */ = {isa = PBXFileReference; lastKnownFileType = sourcecode.swift; path = IconeSettingCell.swift; sourceTree = "<group>"; };
		4777ABEE2B2501710055DF4A /* BreastFeedingController.swift */ = {isa = PBXFileReference; lastKnownFileType = sourcecode.swift; path = BreastFeedingController.swift; sourceTree = "<group>"; };
		4779579C2B547ADD0021178D /* BenchMarkTest.swift */ = {isa = PBXFileReference; lastKnownFileType = sourcecode.swift; path = BenchMarkTest.swift; sourceTree = "<group>"; };
		477B86922B3384D100333768 /* meal.swift */ = {isa = PBXFileReference; lastKnownFileType = sourcecode.swift; path = meal.swift; sourceTree = "<group>"; };
		478AA2562B7AB3D100D4AE7C /* ApparenceSettingViewController.swift */ = {isa = PBXFileReference; lastKnownFileType = sourcecode.swift; path = ApparenceSettingViewController.swift; sourceTree = "<group>"; };
		478E79062B1370DC004157AF /* BirthDayController.swift */ = {isa = PBXFileReference; lastKnownFileType = sourcecode.swift; path = BirthDayController.swift; sourceTree = "<group>"; };
		478E79082B1375F3004157AF /* BirthDayViewModel.swift */ = {isa = PBXFileReference; lastKnownFileType = sourcecode.swift; path = BirthDayViewModel.swift; sourceTree = "<group>"; };
		478E790A2B137CD1004157AF /* Date+.swift */ = {isa = PBXFileReference; lastKnownFileType = sourcecode.swift; path = "Date+.swift"; sourceTree = "<group>"; };
		478E790C2B138099004157AF /* BirthDayViewModelTest.swift */ = {isa = PBXFileReference; lastKnownFileType = sourcecode.swift; path = BirthDayViewModelTest.swift; sourceTree = "<group>"; };
		478E790F2B138200004157AF /* String+.swift */ = {isa = PBXFileReference; lastKnownFileType = sourcecode.swift; path = "String+.swift"; sourceTree = "<group>"; };
		47916BBB2B7BD02600BD112A /* ApparenceSettingViewModel.swift */ = {isa = PBXFileReference; lastKnownFileType = sourcecode.swift; path = ApparenceSettingViewModel.swift; sourceTree = "<group>"; };
		4792CB582B3063720010AE38 /* SolideFeedingController.swift */ = {isa = PBXFileReference; lastKnownFileType = sourcecode.swift; path = SolideFeedingController.swift; sourceTree = "<group>"; };
		4792CB5A2B3068270010AE38 /* SolideCell.swift */ = {isa = PBXFileReference; lastKnownFileType = sourcecode.swift; path = SolideCell.swift; sourceTree = "<group>"; };
		4792E9542B814D5100993195 /* informationViewModelTest.swift */ = {isa = PBXFileReference; lastKnownFileType = sourcecode.swift; path = informationViewModelTest.swift; sourceTree = "<group>"; };
		4792E9562B8154BA00993195 /* ErrorSetting.swift */ = {isa = PBXFileReference; lastKnownFileType = sourcecode.swift; path = ErrorSetting.swift; sourceTree = "<group>"; };
		479A2A622B739AFA002C4FAF /* SettingCell.swift */ = {isa = PBXFileReference; lastKnownFileType = sourcecode.swift; path = SettingCell.swift; sourceTree = "<group>"; };
		479FC9582B56D550001BAC22 /* timeInterval+.swift */ = {isa = PBXFileReference; lastKnownFileType = sourcecode.swift; path = "timeInterval+.swift"; sourceTree = "<group>"; };
		47A0E6B52B3B13B400F894A1 /* GrowthController.swift */ = {isa = PBXFileReference; lastKnownFileType = sourcecode.swift; path = GrowthController.swift; sourceTree = "<group>"; };
		47A3A3532B0FE7FD00447362 /* WelcomeController.swift */ = {isa = PBXFileReference; lastKnownFileType = sourcecode.swift; path = WelcomeController.swift; sourceTree = "<group>"; };
		47A6D44F2B8619900022FDB8 /* DetailGraphViewController.swift */ = {isa = PBXFileReference; lastKnownFileType = sourcecode.swift; path = DetailGraphViewController.swift; sourceTree = "<group>"; };
		47A6D4522B861B5A0022FDB8 /* DetailGraphCell.swift */ = {isa = PBXFileReference; lastKnownFileType = sourcecode.swift; path = DetailGraphCell.swift; sourceTree = "<group>"; };
		47AF89752B3A28200068FE1F /* diaperController.swift */ = {isa = PBXFileReference; lastKnownFileType = sourcecode.swift; path = diaperController.swift; sourceTree = "<group>"; };
		47AF89772B3A29E90068FE1F /* diaperCell.swift */ = {isa = PBXFileReference; lastKnownFileType = sourcecode.swift; path = diaperCell.swift; sourceTree = "<group>"; };
		47B231692B6C35C30079B436 /* DoctorViewController.swift */ = {isa = PBXFileReference; lastKnownFileType = sourcecode.swift; path = DoctorViewController.swift; sourceTree = "<group>"; };
		47B5009F2B7910AB0055A4A2 /* IconSettingViewModel.swift */ = {isa = PBXFileReference; lastKnownFileType = sourcecode.swift; path = IconSettingViewModel.swift; sourceTree = "<group>"; };
		47B984CD2B77833F000DBB80 /* IconSettingViewController.swift */ = {isa = PBXFileReference; lastKnownFileType = sourcecode.swift; path = IconSettingViewController.swift; sourceTree = "<group>"; };
		47C8F36B2B741BA500E94668 /* GraphtypeViewController.swift */ = {isa = PBXFileReference; lastKnownFileType = sourcecode.swift; path = GraphtypeViewController.swift; sourceTree = "<group>"; };
		47C8F36D2B74280500E94668 /* GraphtypeViewModel.swift */ = {isa = PBXFileReference; lastKnownFileType = sourcecode.swift; path = GraphtypeViewModel.swift; sourceTree = "<group>"; };
		47CABD8C2B128A5A00C5919A /* UserDefault+.swift */ = {isa = PBXFileReference; lastKnownFileType = sourcecode.swift; path = "UserDefault+.swift"; sourceTree = "<group>"; };
		47CABD8E2B128D6A00C5919A /* UIApplication.swift */ = {isa = PBXFileReference; lastKnownFileType = sourcecode.swift; path = UIApplication.swift; sourceTree = "<group>"; };
		47CABD902B128DBE00C5919A /* MarmotMonitorAuditAccessibility.swift */ = {isa = PBXFileReference; lastKnownFileType = sourcecode.swift; path = MarmotMonitorAuditAccessibility.swift; sourceTree = "<group>"; };
		47CE16D02B62987400A51B78 /* MonitorViewModelTest.swift */ = {isa = PBXFileReference; lastKnownFileType = sourcecode.swift; path = MonitorViewModelTest.swift; sourceTree = "<group>"; };
		47CFD7BF2B0CCB3D00CFE4BE /* Color+.swift */ = {isa = PBXFileReference; lastKnownFileType = sourcecode.swift; path = "Color+.swift"; sourceTree = "<group>"; };
		47D2BBD02B7FF32700095348 /* settingAuditAccessibilityTests.swift */ = {isa = PBXFileReference; lastKnownFileType = sourcecode.swift; path = settingAuditAccessibilityTests.swift; sourceTree = "<group>"; };
		47D2BBD22B7FFA7A00095348 /* textField+.swift */ = {isa = PBXFileReference; lastKnownFileType = sourcecode.swift; path = "textField+.swift"; sourceTree = "<group>"; };
		47D7895E2B5E96AD00B4912D /* GrowthViewModel.swift */ = {isa = PBXFileReference; lastKnownFileType = sourcecode.swift; path = GrowthViewModel.swift; sourceTree = "<group>"; };
		47D789602B5E9B6400B4912D /* GrowthViewmodelTest.swift */ = {isa = PBXFileReference; lastKnownFileType = sourcecode.swift; path = GrowthViewmodelTest.swift; sourceTree = "<group>"; };
		47D7E1B72B5566950038C6E2 /* CoreDataManagerMock.swift */ = {isa = PBXFileReference; lastKnownFileType = sourcecode.swift; path = CoreDataManagerMock.swift; sourceTree = "<group>"; };
		47D89C912B8692F0007548FD /* DetailGraphViewModel.swift */ = {isa = PBXFileReference; lastKnownFileType = sourcecode.swift; path = DetailGraphViewModel.swift; sourceTree = "<group>"; };
		47D8DA4F2B4B37F000D97CD1 /* Solid+CoreDataClass.swift */ = {isa = PBXFileReference; lastKnownFileType = sourcecode.swift; path = "Solid+CoreDataClass.swift"; sourceTree = "<group>"; };
		47D8DA502B4B37F000D97CD1 /* Solid+CoreDataProperties.swift */ = {isa = PBXFileReference; lastKnownFileType = sourcecode.swift; path = "Solid+CoreDataProperties.swift"; sourceTree = "<group>"; };
		47D8DA532B4B37F000D97CD1 /* Sleep+CoreDataClass.swift */ = {isa = PBXFileReference; lastKnownFileType = sourcecode.swift; path = "Sleep+CoreDataClass.swift"; sourceTree = "<group>"; };
		47D8DA542B4B37F000D97CD1 /* Sleep+CoreDataProperties.swift */ = {isa = PBXFileReference; lastKnownFileType = sourcecode.swift; path = "Sleep+CoreDataProperties.swift"; sourceTree = "<group>"; };
		47D8DA552B4B37F000D97CD1 /* Bottle+CoreDataClass.swift */ = {isa = PBXFileReference; lastKnownFileType = sourcecode.swift; path = "Bottle+CoreDataClass.swift"; sourceTree = "<group>"; };
		47D8DA562B4B37F000D97CD1 /* Bottle+CoreDataProperties.swift */ = {isa = PBXFileReference; lastKnownFileType = sourcecode.swift; path = "Bottle+CoreDataProperties.swift"; sourceTree = "<group>"; };
		47D8DA572B4B37F000D97CD1 /* Activity+CoreDataClass.swift */ = {isa = PBXFileReference; lastKnownFileType = sourcecode.swift; path = "Activity+CoreDataClass.swift"; sourceTree = "<group>"; };
		47D8DA582B4B37F000D97CD1 /* Activity+CoreDataProperties.swift */ = {isa = PBXFileReference; lastKnownFileType = sourcecode.swift; path = "Activity+CoreDataProperties.swift"; sourceTree = "<group>"; };
		47D8DA592B4B37F000D97CD1 /* Breast+CoreDataClass.swift */ = {isa = PBXFileReference; lastKnownFileType = sourcecode.swift; path = "Breast+CoreDataClass.swift"; sourceTree = "<group>"; };
		47D8DA5A2B4B37F000D97CD1 /* Breast+CoreDataProperties.swift */ = {isa = PBXFileReference; lastKnownFileType = sourcecode.swift; path = "Breast+CoreDataProperties.swift"; sourceTree = "<group>"; };
		47D8DA5B2B4B37F000D97CD1 /* Diaper+CoreDataClass.swift */ = {isa = PBXFileReference; lastKnownFileType = sourcecode.swift; path = "Diaper+CoreDataClass.swift"; sourceTree = "<group>"; };
		47D8DA5C2B4B37F000D97CD1 /* Diaper+CoreDataProperties.swift */ = {isa = PBXFileReference; lastKnownFileType = sourcecode.swift; path = "Diaper+CoreDataProperties.swift"; sourceTree = "<group>"; };
		47D8DA5D2B4B37F000D97CD1 /* Growth+CoreDataClass.swift */ = {isa = PBXFileReference; lastKnownFileType = sourcecode.swift; path = "Growth+CoreDataClass.swift"; sourceTree = "<group>"; };
		47D8DA5E2B4B37F000D97CD1 /* Growth+CoreDataProperties.swift */ = {isa = PBXFileReference; lastKnownFileType = sourcecode.swift; path = "Growth+CoreDataProperties.swift"; sourceTree = "<group>"; };
		47D8DA6F2B4B405800D97CD1 /* DateActivity+CoreDataClass.swift */ = {isa = PBXFileReference; lastKnownFileType = sourcecode.swift; path = "DateActivity+CoreDataClass.swift"; sourceTree = "<group>"; };
		47D8DA702B4B405800D97CD1 /* DateActivity+CoreDataProperties.swift */ = {isa = PBXFileReference; lastKnownFileType = sourcecode.swift; path = "DateActivity+CoreDataProperties.swift"; sourceTree = "<group>"; };
		47D8DA732B4B45BE00D97CD1 /* CoreDataManager.swift */ = {isa = PBXFileReference; lastKnownFileType = sourcecode.swift; path = CoreDataManager.swift; sourceTree = "<group>"; };
		47D8DA752B4B461D00D97CD1 /* MarmotMonitorSaveManager.swift */ = {isa = PBXFileReference; lastKnownFileType = sourcecode.swift; path = MarmotMonitorSaveManager.swift; sourceTree = "<group>"; };
		47D8DA782B4B49B600D97CD1 /* MarmotMonitoSaveManagerTest.swift */ = {isa = PBXFileReference; lastKnownFileType = sourcecode.swift; path = MarmotMonitoSaveManagerTest.swift; sourceTree = "<group>"; };
		47D8DA7A2B4B4A0100D97CD1 /* TestCase.swift */ = {isa = PBXFileReference; lastKnownFileType = sourcecode.swift; path = TestCase.swift; sourceTree = "<group>"; };
		47DB9E7E2B7100F800A58CAB /* SettingViewModel.swift */ = {isa = PBXFileReference; lastKnownFileType = sourcecode.swift; path = SettingViewModel.swift; sourceTree = "<group>"; };
		47E2A40A2B49848B008E75DD /* UserDefaultManager.swift */ = {isa = PBXFileReference; lastKnownFileType = sourcecode.swift; path = UserDefaultManager.swift; sourceTree = "<group>"; };
		47E45E1A2B65ADA9005E5268 /* imageName.swift */ = {isa = PBXFileReference; lastKnownFileType = sourcecode.swift; path = imageName.swift; sourceTree = "<group>"; };
		47F675882B87DB7A00D65D3B /* DetailGraphViewModelTest.swift */ = {isa = PBXFileReference; lastKnownFileType = sourcecode.swift; path = DetailGraphViewModelTest.swift; sourceTree = "<group>"; };
		47F81B9C2B6058430042A055 /* MonitorViewController.swift */ = {isa = PBXFileReference; lastKnownFileType = sourcecode.swift; path = MonitorViewController.swift; sourceTree = "<group>"; };
		47F81B9E2B605AEC0042A055 /* MonitorCell.swift */ = {isa = PBXFileReference; lastKnownFileType = sourcecode.swift; path = MonitorCell.swift; sourceTree = "<group>"; };
		47F81BA02B605F610042A055 /* GraphType.swift */ = {isa = PBXFileReference; lastKnownFileType = sourcecode.swift; path = GraphType.swift; sourceTree = "<group>"; };
		47F99B8B2B6E79FA00306A30 /* MyXAxisFormatter.swift */ = {isa = PBXFileReference; lastKnownFileType = sourcecode.swift; path = MyXAxisFormatter.swift; sourceTree = "<group>"; };
/* End PBXFileReference section */

/* Begin PBXFrameworksBuildPhase section */
		475071D12B09462000DAB527 /* Frameworks */ = {
			isa = PBXFrameworksBuildPhase;
			buildActionMask = 2147483647;
			files = (
				47B2316D2B6C390E0079B436 /* DGCharts in Frameworks */,
			);
			runOnlyForDeploymentPostprocessing = 0;
		};
		475071EA2B09462100DAB527 /* Frameworks */ = {
			isa = PBXFrameworksBuildPhase;
			buildActionMask = 2147483647;
			files = (
			);
			runOnlyForDeploymentPostprocessing = 0;
		};
		475071F42B09462100DAB527 /* Frameworks */ = {
			isa = PBXFrameworksBuildPhase;
			buildActionMask = 2147483647;
			files = (
			);
			runOnlyForDeploymentPostprocessing = 0;
		};
/* End PBXFrameworksBuildPhase section */

/* Begin PBXGroup section */
		470009D52B2E485C00EBEF86 /* home */ = {
			isa = PBXGroup;
			children = (
				4711F76F2B1E6C3B00869A27 /* TodayViewModelTest.swift */,
				474732572B123F8D0064ABB4 /* UserDefaultsManagerTest.swift */,
				474865892B49F1AF00CB5E29 /* UserDefaultsManagerMock.swift */,
			);
			path = home;
			sourceTree = "<group>";
		};
		4712D4392B0A9B2F0085035C /* Common */ = {
			isa = PBXGroup;
			children = (
				4738B4D12B287D830041ECF0 /* Int+.swift */,
				473321C22B5AA29500452F27 /* UIViewController+.swift */,
				476AF62F2B27A10100F4935F /* UIButton+.swift */,
				4712D43A2B0A9B5C0085035C /* UILabel+.swift */,
				4712D43C2B0A9BC50085035C /* UIView+.swift */,
				47CFD7BF2B0CCB3D00CFE4BE /* Color+.swift */,
				478E790A2B137CD1004157AF /* Date+.swift */,
				478E790F2B138200004157AF /* String+.swift */,
				472DDABC2B2DEF1600812024 /* UISegmented+.swift */,
				471480AE2B513AF20084589B /* ActivityType.swift */,
				479FC9582B56D550001BAC22 /* timeInterval+.swift */,
				47E45E1A2B65ADA9005E5268 /* imageName.swift */,
				47D2BBD22B7FFA7A00095348 /* textField+.swift */,
			);
			path = Common;
			sourceTree = "<group>";
		};
		47150DF52B7EA300004A9220 /* icone */ = {
			isa = PBXGroup;
			children = (
				47150DF62B7EA317004A9220 /* IconeSettingViewControllerTest.swift */,
			);
			path = icone;
			sourceTree = "<group>";
		};
		47155BCB2B1DE9D400775B27 /* Home */ = {
			isa = PBXGroup;
			children = (
				47155BC92B1DE97000775B27 /* TodayViewController.swift */,
				47155BCC2B1DEBDB00775B27 /* TodayViewModel.swift */,
				4711F7732B1E70AB00869A27 /* Person.swift */,
			);
			path = Home;
			sourceTree = "<group>";
		};
		471D98012B76CAE6003C0841 /* AppIconCustomizer */ = {
			isa = PBXGroup;
			children = (
				471D98022B76CB03003C0841 /* AppIcon.swift */,
				47B984CD2B77833F000DBB80 /* IconSettingViewController.swift */,
				47B5009F2B7910AB0055A4A2 /* IconSettingViewModel.swift */,
				4772CA5F2B781E6000CEBDAE /* IconeSettingCell.swift */,
			);
			name = AppIconCustomizer;
			sourceTree = "<group>";
		};
		472848202B58146F00AA6B35 /* Activity */ = {
			isa = PBXGroup;
			children = (
				472848212B58154700AA6B35 /* BreastFeedingChronoViewModelTest.swift */,
				472848232B5819FD00AA6B35 /* SolidFeedingViewModelTest.swift */,
				472848252B5824AB00AA6B35 /* SleepViewModelTest.swift */,
				475BD8F02B59B43F003F1158 /* DiaperViewModelTest.swift */,
				470808212B5D5046004258A5 /* BottleFeedingViewModelTest.swift */,
				47D789602B5E9B6400B4912D /* GrowthViewmodelTest.swift */,
			);
			path = Activity;
			sourceTree = "<group>";
		};
		4735B26C2B11455C000F2B8C /* InformationController */ = {
			isa = PBXGroup;
			children = (
				4735B26A2B1140D8000F2B8C /* ViewForInformationController.swift */,
				47A3A3532B0FE7FD00447362 /* WelcomeController.swift */,
				474732502B1239300064ABB4 /* BabyName */,
				474732512B1239AF0064ABB4 /* Gender */,
				474732542B123C680064ABB4 /* ParentName */,
				478E79052B1370A2004157AF /* birthDay */,
			);
			path = InformationController;
			sourceTree = "<group>";
		};
		473D954D2B7D5F5100B632C6 /* Setting */ = {
			isa = PBXGroup;
			children = (
				4709E39E2B83757A009F1D27 /* SettingViewModelTest.swift */,
				4792E9532B814D3F00993195 /* information */,
				47150DF52B7EA300004A9220 /* icone */,
				473D954E2B7D5F5C00B632C6 /* apparence */,
			);
			path = Setting;
			sourceTree = "<group>";
		};
		473D954E2B7D5F5C00B632C6 /* apparence */ = {
			isa = PBXGroup;
			children = (
				473D954F2B7D5F7000B632C6 /* ApparenceViewModelTest.swift */,
			);
			path = apparence;
			sourceTree = "<group>";
		};
		4745DB7A2B501ED7003C440D /* model */ = {
			isa = PBXGroup;
			children = (
				47D8DA4F2B4B37F000D97CD1 /* Solid+CoreDataClass.swift */,
				47D8DA502B4B37F000D97CD1 /* Solid+CoreDataProperties.swift */,
				47D8DA532B4B37F000D97CD1 /* Sleep+CoreDataClass.swift */,
				47D8DA542B4B37F000D97CD1 /* Sleep+CoreDataProperties.swift */,
				47D8DA552B4B37F000D97CD1 /* Bottle+CoreDataClass.swift */,
				47D8DA562B4B37F000D97CD1 /* Bottle+CoreDataProperties.swift */,
				47D8DA572B4B37F000D97CD1 /* Activity+CoreDataClass.swift */,
				47D8DA582B4B37F000D97CD1 /* Activity+CoreDataProperties.swift */,
				47D8DA592B4B37F000D97CD1 /* Breast+CoreDataClass.swift */,
				47D8DA5A2B4B37F000D97CD1 /* Breast+CoreDataProperties.swift */,
				47D8DA5B2B4B37F000D97CD1 /* Diaper+CoreDataClass.swift */,
				47D8DA5C2B4B37F000D97CD1 /* Diaper+CoreDataProperties.swift */,
				47D8DA5D2B4B37F000D97CD1 /* Growth+CoreDataClass.swift */,
				47D8DA5E2B4B37F000D97CD1 /* Growth+CoreDataProperties.swift */,
				47D8DA6F2B4B405800D97CD1 /* DateActivity+CoreDataClass.swift */,
				47D8DA702B4B405800D97CD1 /* DateActivity+CoreDataProperties.swift */,
			);
			path = model;
			sourceTree = "<group>";
		};
		4745E48A2B7031310016C52F /* SettingViews */ = {
			isa = PBXGroup;
			children = (
				478AA2552B7AB3AC00D4AE7C /* ApparenceSetting */,
				471D98012B76CAE6003C0841 /* AppIconCustomizer */,
				479A2A612B739AD5002C4FAF /* GraphTypeStetting */,
				474C243E2B717FC10002AD83 /* informationController */,
			);
			path = SettingViews;
			sourceTree = "<group>";
		};
		474732502B1239300064ABB4 /* BabyName */ = {
			isa = PBXGroup;
			children = (
				4719ABE42B0E96380088CBE2 /* BabyNameController.swift */,
			);
			path = BabyName;
			sourceTree = "<group>";
		};
		474732512B1239AF0064ABB4 /* Gender */ = {
			isa = PBXGroup;
			children = (
				4735B26D2B1145B7000F2B8C /* GenderController.swift */,
				474732522B1239CF0064ABB4 /* GenderViewModel.swift */,
			);
			path = Gender;
			sourceTree = "<group>";
		};
		474732542B123C680064ABB4 /* ParentName */ = {
			isa = PBXGroup;
			children = (
				4747324C2B1234BB0064ABB4 /* ParentNameController.swift */,
			);
			path = ParentName;
			sourceTree = "<group>";
		};
		47494BD12B35A7DF002A0A93 /* sleep */ = {
			isa = PBXGroup;
			children = (
				47494BD22B35A7F9002A0A93 /* SleepController.swift */,
				472696692B3D8A18006BC301 /* SleepViewModel.swift */,
				4767543B2B3792BC00C83E6D /* SleepCell.swift */,
			);
			path = sleep;
			sourceTree = "<group>";
		};
		474C243E2B717FC10002AD83 /* informationController */ = {
			isa = PBXGroup;
			children = (
				4745E48B2B70315C0016C52F /* InformationUserSettingCell.swift */,
				474C243F2B717FE10002AD83 /* informationViewController.swift */,
				474C24412B718EFA0002AD83 /* InformationViewModel.swift */,
			);
			path = informationController;
			sourceTree = "<group>";
		};
		474C94592B2B9FE6009A7D74 /* food */ = {
			isa = PBXGroup;
			children = (
				474C945A2B2B9FFE009A7D74 /* FoodTapBar.swift */,
				4792CB572B3063300010AE38 /* Solid */,
				4792CB552B30630A0010AE38 /* Breast */,
				4792CB562B3063200010AE38 /* Bottle */,
			);
			path = food;
			sourceTree = "<group>";
		};
		475071CB2B09462000DAB527 = {
			isa = PBXGroup;
			children = (
				475071D62B09462000DAB527 /* MarmotMonitor */,
				475071F02B09462100DAB527 /* MarmotMonitorTests */,
				475071FA2B09462100DAB527 /* MarmotMonitorUITests */,
				475071D52B09462000DAB527 /* Products */,
				47B2316B2B6C390E0079B436 /* Frameworks */,
			);
			sourceTree = "<group>";
		};
		475071D52B09462000DAB527 /* Products */ = {
			isa = PBXGroup;
			children = (
				475071D42B09462000DAB527 /* MarmotMonitor.app */,
				475071ED2B09462100DAB527 /* MarmotMonitorTests.xctest */,
				475071F72B09462100DAB527 /* MarmotMonitorUITests.xctest */,
			);
			name = Products;
			sourceTree = "<group>";
		};
		475071D62B09462000DAB527 /* MarmotMonitor */ = {
			isa = PBXGroup;
			children = (
				475071D92B09462000DAB527 /* SceneDelegate.swift */,
				4750720D2B09576900DAB527 /* TapBarController.swift */,
				475071D72B09462000DAB527 /* AppDelegate.swift */,
				47FB1DAE2B265BD90029EB2E /* BackgroundView */,
				4735B26C2B11455C000F2B8C /* InformationController */,
				47155BCB2B1DE9D400775B27 /* Home */,
				4777ABED2B2500D40055DF4A /* Activity */,
				47F81B9B2B6057FB0042A055 /* Monitor */,
				47B231682B6C359A0079B436 /* Doctor */,
				475C3AC62B6EE34A003E5BA8 /* setting */,
				4712D4392B0A9B2F0085035C /* Common */,
				4750720B2B09471000DAB527 /* Ressources */,
				47C8F36F2B7428C000E94668 /* UserDefault */,
				4750720C2B09477000DAB527 /* CoreData */,
			);
			path = MarmotMonitor;
			sourceTree = "<group>";
		};
		475071F02B09462100DAB527 /* MarmotMonitorTests */ = {
			isa = PBXGroup;
			children = (
				47D8DA7A2B4B4A0100D97CD1 /* TestCase.swift */,
				473D954D2B7D5F5100B632C6 /* Setting */,
				475C3AC32B6EDDD9003E5BA8 /* Doctor */,
				47CE16CF2B62985100A51B78 /* Monitor */,
				472848202B58146F00AA6B35 /* Activity */,
				47CB30012B1F400F0054EAC7 /* started */,
				470009D52B2E485C00EBEF86 /* home */,
				47D8DA772B4B496100D97CD1 /* CoreDataTest */,
			);
			path = MarmotMonitorTests;
			sourceTree = "<group>";
		};
		475071FA2B09462100DAB527 /* MarmotMonitorUITests */ = {
			isa = PBXGroup;
			children = (
				471201382B88AE0000E63E8D /* MonitorAuditAccessibily.swift */,
				4712013A2B88AF6C00E63E8D /* TodayAuditAccessibility.swift */,
				47C4F42E2B7E272400DDD807 /* Settings */,
				47CABD902B128DBE00C5919A /* MarmotMonitorAuditAccessibility.swift */,
				475071FB2B09462100DAB527 /* MarmotMonitorUITests.swift */,
				475071FD2B09462100DAB527 /* MarmotMonitorUITestsLaunchTests.swift */,
				47CABD8E2B128D6A00C5919A /* UIApplication.swift */,
			);
			path = MarmotMonitorUITests;
			sourceTree = "<group>";
		};
		4750720B2B09471000DAB527 /* Ressources */ = {
			isa = PBXGroup;
			children = (
				475071E32B09462100DAB527 /* Assets.xcassets */,
				475071E52B09462100DAB527 /* LaunchScreen.storyboard */,
				475071E82B09462100DAB527 /* Info.plist */,
			);
			path = Ressources;
			sourceTree = "<group>";
		};
		4750720C2B09477000DAB527 /* CoreData */ = {
			isa = PBXGroup;
			children = (
				475071E02B09462000DAB527 /* MarmotMonitor.xcdatamodeld */,
				47D8DA732B4B45BE00D97CD1 /* CoreDataManager.swift */,
				47D8DA752B4B461D00D97CD1 /* MarmotMonitorSaveManager.swift */,
				4745DB7A2B501ED7003C440D /* model */,
			);
			path = CoreData;
			sourceTree = "<group>";
		};
		475C3AC32B6EDDD9003E5BA8 /* Doctor */ = {
			isa = PBXGroup;
			children = (
				475C3AC42B6EDDF2003E5BA8 /* DoctorViewModeltest.swift */,
			);
			path = Doctor;
			sourceTree = "<group>";
		};
		475C3AC62B6EE34A003E5BA8 /* setting */ = {
			isa = PBXGroup;
			children = (
				475C3AC72B6EE400003E5BA8 /* SettingViewController.swift */,
				47DB9E7E2B7100F800A58CAB /* SettingViewModel.swift */,
				479A2A622B739AFA002C4FAF /* SettingCell.swift */,
				4745E48A2B7031310016C52F /* SettingViews */,
				4792E9562B8154BA00993195 /* ErrorSetting.swift */,
			);
			path = setting;
			sourceTree = "<group>";
		};
		475F9FC12B615B20001C4A4E /* Graph */ = {
			isa = PBXGroup;
			children = (
				475F9FBF2B6109D9001C4A4E /* GraphView.swift */,
				47F81BA02B605F610042A055 /* GraphType.swift */,
				475F9FC22B6163D9001C4A4E /* LegendGraphView.swift */,
			);
			name = Graph;
			sourceTree = "<group>";
		};
		4777ABED2B2500D40055DF4A /* Activity */ = {
			isa = PBXGroup;
			children = (
				476754392B37912F00C83E6D /* BackGroundActivity.swift */,
				47494BD42B35ADAD002A0A93 /* ActivityController.swift */,
				474C94592B2B9FE6009A7D74 /* food */,
				47494BD12B35A7DF002A0A93 /* sleep */,
				47AF89742B3A28110068FE1F /* diaper */,
				47A0E6B42B3B135000F894A1 /* growth */,
			);
			path = Activity;
			sourceTree = "<group>";
		};
		478AA2552B7AB3AC00D4AE7C /* ApparenceSetting */ = {
			isa = PBXGroup;
			children = (
				478AA2562B7AB3D100D4AE7C /* ApparenceSettingViewController.swift */,
				47916BBB2B7BD02600BD112A /* ApparenceSettingViewModel.swift */,
			);
			path = ApparenceSetting;
			sourceTree = "<group>";
		};
		478E79052B1370A2004157AF /* birthDay */ = {
			isa = PBXGroup;
			children = (
				478E79062B1370DC004157AF /* BirthDayController.swift */,
				478E79082B1375F3004157AF /* BirthDayViewModel.swift */,
			);
			path = birthDay;
			sourceTree = "<group>";
		};
		4792CB552B30630A0010AE38 /* Breast */ = {
			isa = PBXGroup;
			children = (
				4777ABEE2B2501710055DF4A /* BreastFeedingController.swift */,
				470009D02B2E463B00EBEF86 /* BreastFeedingChronoViewmodel.swift */,
			);
			path = Breast;
			sourceTree = "<group>";
		};
		4792CB562B3063200010AE38 /* Bottle */ = {
			isa = PBXGroup;
			children = (
				4704F2C22B2F98310060DCEE /* BottleFeedingController.swift */,
				47467D0D2B5C6114006AB25B /* BottleFeedingViewModel.swift */,
			);
			path = Bottle;
			sourceTree = "<group>";
		};
		4792CB572B3063300010AE38 /* Solid */ = {
			isa = PBXGroup;
			children = (
				4792CB582B3063720010AE38 /* SolideFeedingController.swift */,
				4748E6492B30DFDF0082A0CE /* SolideFeedingViewModel.swift */,
				4792CB5A2B3068270010AE38 /* SolideCell.swift */,
				477B86922B3384D100333768 /* meal.swift */,
			);
			path = Solid;
			sourceTree = "<group>";
		};
		4792E9532B814D3F00993195 /* information */ = {
			isa = PBXGroup;
			children = (
				4792E9542B814D5100993195 /* informationViewModelTest.swift */,
			);
			path = information;
			sourceTree = "<group>";
		};
		479A2A612B739AD5002C4FAF /* GraphTypeStetting */ = {
			isa = PBXGroup;
			children = (
				47C8F36B2B741BA500E94668 /* GraphtypeViewController.swift */,
				47C8F36D2B74280500E94668 /* GraphtypeViewModel.swift */,
				47150DF82B7EAF97004A9220 /* GraphTypeTableViewCell.swift */,
			);
			path = GraphTypeStetting;
			sourceTree = "<group>";
		};
		47A0E6B42B3B135000F894A1 /* growth */ = {
			isa = PBXGroup;
			children = (
				47A0E6B52B3B13B400F894A1 /* GrowthController.swift */,
				47D7895E2B5E96AD00B4912D /* GrowthViewModel.swift */,
				474EE9052B3B69100047054B /* GrowthCell.swift */,
			);
			path = growth;
			sourceTree = "<group>";
		};
		47A6D4512B8619E30022FDB8 /* DetailGraph */ = {
			isa = PBXGroup;
			children = (
				47A6D44F2B8619900022FDB8 /* DetailGraphViewController.swift */,
				47D89C912B8692F0007548FD /* DetailGraphViewModel.swift */,
				47A6D4522B861B5A0022FDB8 /* DetailGraphCell.swift */,
			);
			name = DetailGraph;
			sourceTree = "<group>";
		};
		47AF89742B3A28110068FE1F /* diaper */ = {
			isa = PBXGroup;
			children = (
				47AF89752B3A28200068FE1F /* diaperController.swift */,
				475BD8EE2B597FBF003F1158 /* DiaperViewModel.swift */,
				47AF89772B3A29E90068FE1F /* diaperCell.swift */,
			);
			path = diaper;
			sourceTree = "<group>";
		};
		47B231682B6C359A0079B436 /* Doctor */ = {
			isa = PBXGroup;
			children = (
				47B231692B6C35C30079B436 /* DoctorViewController.swift */,
				4722368C2B6D88E800CBF044 /* DoctorViewModel.swift */,
				47F99B8B2B6E79FA00306A30 /* MyXAxisFormatter.swift */,
			);
			path = Doctor;
			sourceTree = "<group>";
		};
		47B2316B2B6C390E0079B436 /* Frameworks */ = {
			isa = PBXGroup;
			children = (
			);
			name = Frameworks;
			sourceTree = "<group>";
		};
		47C4F42E2B7E272400DDD807 /* Settings */ = {
			isa = PBXGroup;
			children = (
				47D2BBD02B7FF32700095348 /* settingAuditAccessibilityTests.swift */,
			);
			path = Settings;
			sourceTree = "<group>";
		};
		47C8F36F2B7428C000E94668 /* UserDefault */ = {
			isa = PBXGroup;
			children = (
				47E2A40A2B49848B008E75DD /* UserDefaultManager.swift */,
				47CABD8C2B128A5A00C5919A /* UserDefault+.swift */,
			);
			path = UserDefault;
			sourceTree = "<group>";
		};
		47CB30012B1F400F0054EAC7 /* started */ = {
			isa = PBXGroup;
			children = (
				474732592B12432C0064ABB4 /* GenderViewModelTest.swift */,
				478E790C2B138099004157AF /* BirthDayViewModelTest.swift */,
			);
			path = started;
			sourceTree = "<group>";
		};
		47CE16CF2B62985100A51B78 /* Monitor */ = {
			isa = PBXGroup;
			children = (
				47CE16D02B62987400A51B78 /* MonitorViewModelTest.swift */,
				47F675882B87DB7A00D65D3B /* DetailGraphViewModelTest.swift */,
			);
			path = Monitor;
			sourceTree = "<group>";
		};
		47D8DA772B4B496100D97CD1 /* CoreDataTest */ = {
			isa = PBXGroup;
			children = (
				47D8DA782B4B49B600D97CD1 /* MarmotMonitoSaveManagerTest.swift */,
				47D7E1B72B5566950038C6E2 /* CoreDataManagerMock.swift */,
				4779579C2B547ADD0021178D /* BenchMarkTest.swift */,
			);
			path = CoreDataTest;
			sourceTree = "<group>";
		};
		47F81B9B2B6057FB0042A055 /* Monitor */ = {
			isa = PBXGroup;
			children = (
				47F81B9C2B6058430042A055 /* MonitorViewController.swift */,
				475F9FC42B616A69001C4A4E /* MonitorViewModel.swift */,
				47F81B9E2B605AEC0042A055 /* MonitorCell.swift */,
				47A6D4512B8619E30022FDB8 /* DetailGraph */,
				475F9FC12B615B20001C4A4E /* Graph */,
			);
			path = Monitor;
			sourceTree = "<group>";
		};
		47FB1DAE2B265BD90029EB2E /* BackgroundView */ = {
			isa = PBXGroup;
			children = (
				47155BC72B1DE6E000775B27 /* BackgroundViewController.swift */,
			);
			path = BackgroundView;
			sourceTree = "<group>";
		};
/* End PBXGroup section */

/* Begin PBXNativeTarget section */
		475071D32B09462000DAB527 /* MarmotMonitor */ = {
			isa = PBXNativeTarget;
			buildConfigurationList = 475072012B09462100DAB527 /* Build configuration list for PBXNativeTarget "MarmotMonitor" */;
			buildPhases = (
				475071D02B09462000DAB527 /* Sources */,
				475071D12B09462000DAB527 /* Frameworks */,
				475071D22B09462000DAB527 /* Resources */,
				4750720A2B09463C00DAB527 /* ShellScript */,
			);
			buildRules = (
			);
			dependencies = (
			);
			name = MarmotMonitor;
			packageProductDependencies = (
				47B2316C2B6C390E0079B436 /* DGCharts */,
			);
			productName = MarmotMonitor;
			productReference = 475071D42B09462000DAB527 /* MarmotMonitor.app */;
			productType = "com.apple.product-type.application";
		};
		475071EC2B09462100DAB527 /* MarmotMonitorTests */ = {
			isa = PBXNativeTarget;
			buildConfigurationList = 475072042B09462100DAB527 /* Build configuration list for PBXNativeTarget "MarmotMonitorTests" */;
			buildPhases = (
				475071E92B09462100DAB527 /* Sources */,
				475071EA2B09462100DAB527 /* Frameworks */,
				475071EB2B09462100DAB527 /* Resources */,
			);
			buildRules = (
			);
			dependencies = (
				475071EF2B09462100DAB527 /* PBXTargetDependency */,
			);
			name = MarmotMonitorTests;
			productName = MarmotMonitorTests;
			productReference = 475071ED2B09462100DAB527 /* MarmotMonitorTests.xctest */;
			productType = "com.apple.product-type.bundle.unit-test";
		};
		475071F62B09462100DAB527 /* MarmotMonitorUITests */ = {
			isa = PBXNativeTarget;
			buildConfigurationList = 475072072B09462100DAB527 /* Build configuration list for PBXNativeTarget "MarmotMonitorUITests" */;
			buildPhases = (
				475071F32B09462100DAB527 /* Sources */,
				475071F42B09462100DAB527 /* Frameworks */,
				475071F52B09462100DAB527 /* Resources */,
			);
			buildRules = (
			);
			dependencies = (
				475071F92B09462100DAB527 /* PBXTargetDependency */,
			);
			name = MarmotMonitorUITests;
			productName = MarmotMonitorUITests;
			productReference = 475071F72B09462100DAB527 /* MarmotMonitorUITests.xctest */;
			productType = "com.apple.product-type.bundle.ui-testing";
		};
/* End PBXNativeTarget section */

/* Begin PBXProject section */
		475071CC2B09462000DAB527 /* Project object */ = {
			isa = PBXProject;
			attributes = {
				BuildIndependentTargetsInParallel = 1;
				LastSwiftUpdateCheck = 1500;
				LastUpgradeCheck = 1500;
				TargetAttributes = {
					475071D32B09462000DAB527 = {
						CreatedOnToolsVersion = 15.0.1;
					};
					475071EC2B09462100DAB527 = {
						CreatedOnToolsVersion = 15.0.1;
						TestTargetID = 475071D32B09462000DAB527;
					};
					475071F62B09462100DAB527 = {
						CreatedOnToolsVersion = 15.0.1;
						TestTargetID = 475071D32B09462000DAB527;
					};
				};
			};
			buildConfigurationList = 475071CF2B09462000DAB527 /* Build configuration list for PBXProject "MarmotMonitor" */;
			compatibilityVersion = "Xcode 14.0";
			developmentRegion = en;
			hasScannedForEncodings = 0;
			knownRegions = (
				en,
				Base,
			);
			mainGroup = 475071CB2B09462000DAB527;
			packageReferences = (
				47B231672B6C353E0079B436 /* XCRemoteSwiftPackageReference "Charts" */,
			);
			productRefGroup = 475071D52B09462000DAB527 /* Products */;
			projectDirPath = "";
			projectRoot = "";
			targets = (
				475071D32B09462000DAB527 /* MarmotMonitor */,
				475071EC2B09462100DAB527 /* MarmotMonitorTests */,
				475071F62B09462100DAB527 /* MarmotMonitorUITests */,
			);
		};
/* End PBXProject section */

/* Begin PBXResourcesBuildPhase section */
		475071D22B09462000DAB527 /* Resources */ = {
			isa = PBXResourcesBuildPhase;
			buildActionMask = 2147483647;
			files = (
				475071E72B09462100DAB527 /* LaunchScreen.storyboard in Resources */,
				475071E42B09462100DAB527 /* Assets.xcassets in Resources */,
			);
			runOnlyForDeploymentPostprocessing = 0;
		};
		475071EB2B09462100DAB527 /* Resources */ = {
			isa = PBXResourcesBuildPhase;
			buildActionMask = 2147483647;
			files = (
			);
			runOnlyForDeploymentPostprocessing = 0;
		};
		475071F52B09462100DAB527 /* Resources */ = {
			isa = PBXResourcesBuildPhase;
			buildActionMask = 2147483647;
			files = (
			);
			runOnlyForDeploymentPostprocessing = 0;
		};
/* End PBXResourcesBuildPhase section */

/* Begin PBXShellScriptBuildPhase section */
		4750720A2B09463C00DAB527 /* ShellScript */ = {
			isa = PBXShellScriptBuildPhase;
			alwaysOutOfDate = 1;
			buildActionMask = 2147483647;
			files = (
			);
			inputFileListPaths = (
			);
			inputPaths = (
			);
			outputFileListPaths = (
			);
			outputPaths = (
			);
			runOnlyForDeploymentPostprocessing = 0;
			shellPath = /bin/sh;
			shellScript = "if [[ \"$(uname -m)\" == arm64 ]]; then\n    export PATH=\"/opt/homebrew/bin:$PATH\"\nfi\n\nif which swiftlint > /dev/null; then\n  swiftlint\nelse\n  echo \"warning: SwiftLint not installed, download from https://github.com/realm/SwiftLint\"\nfi\n";
		};
/* End PBXShellScriptBuildPhase section */

/* Begin PBXSourcesBuildPhase section */
		475071D02B09462000DAB527 /* Sources */ = {
			isa = PBXSourcesBuildPhase;
			buildActionMask = 2147483647;
			files = (
				4704F2C32B2F98310060DCEE /* BottleFeedingController.swift in Sources */,
				47D8DA672B4B37F000D97CD1 /* Activity+CoreDataClass.swift in Sources */,
				47B500A02B7910AB0055A4A2 /* IconSettingViewModel.swift in Sources */,
				475BD8EF2B597FBF003F1158 /* DiaperViewModel.swift in Sources */,
				4747324D2B1234BB0064ABB4 /* ParentNameController.swift in Sources */,
				47D8DA6C2B4B37F000D97CD1 /* Diaper+CoreDataProperties.swift in Sources */,
				471D98032B76CB03003C0841 /* AppIcon.swift in Sources */,
				474EE9062B3B69100047054B /* GrowthCell.swift in Sources */,
				47D8DA762B4B461D00D97CD1 /* MarmotMonitorSaveManager.swift in Sources */,
				470009D12B2E463B00EBEF86 /* BreastFeedingChronoViewmodel.swift in Sources */,
				473321C32B5AA29500452F27 /* UIViewController+.swift in Sources */,
				471480AF2B513AF20084589B /* ActivityType.swift in Sources */,
				47D8DA6A2B4B37F000D97CD1 /* Breast+CoreDataProperties.swift in Sources */,
				47CFD7C02B0CCB3D00CFE4BE /* Color+.swift in Sources */,
				47F81B9F2B605AEC0042A055 /* MonitorCell.swift in Sources */,
				478E79102B138200004157AF /* String+.swift in Sources */,
				4748E64A2B30DFDF0082A0CE /* SolideFeedingViewModel.swift in Sources */,
				47D8DA632B4B37F000D97CD1 /* Sleep+CoreDataClass.swift in Sources */,
				479FC9592B56D550001BAC22 /* timeInterval+.swift in Sources */,
				474C945B2B2B9FFE009A7D74 /* FoodTapBar.swift in Sources */,
				47E2A40B2B49848B008E75DD /* UserDefaultManager.swift in Sources */,
				476AF6302B27A10100F4935F /* UIButton+.swift in Sources */,
				478AA2572B7AB3D100D4AE7C /* ApparenceSettingViewController.swift in Sources */,
				47D2BBD32B7FFA7A00095348 /* textField+.swift in Sources */,
				472DDABD2B2DEF1600812024 /* UISegmented+.swift in Sources */,
				47D8DA642B4B37F000D97CD1 /* Sleep+CoreDataProperties.swift in Sources */,
				4750720E2B09576900DAB527 /* TapBarController.swift in Sources */,
				47155BCD2B1DEBDB00775B27 /* TodayViewModel.swift in Sources */,
				4735B26B2B1140D8000F2B8C /* ViewForInformationController.swift in Sources */,
				474C24422B718EFA0002AD83 /* InformationViewModel.swift in Sources */,
				47D8DA712B4B405800D97CD1 /* DateActivity+CoreDataClass.swift in Sources */,
				47F99B8C2B6E79FA00306A30 /* MyXAxisFormatter.swift in Sources */,
				47D89C922B8692F0007548FD /* DetailGraphViewModel.swift in Sources */,
				47A0E6B62B3B13B400F894A1 /* GrowthController.swift in Sources */,
				47D8DA602B4B37F000D97CD1 /* Solid+CoreDataProperties.swift in Sources */,
				475C3AC82B6EE400003E5BA8 /* SettingViewController.swift in Sources */,
				474732532B1239CF0064ABB4 /* GenderViewModel.swift in Sources */,
				47D8DA6E2B4B37F000D97CD1 /* Growth+CoreDataProperties.swift in Sources */,
				47155BCA2B1DE97000775B27 /* TodayViewController.swift in Sources */,
				47F81BA12B605F610042A055 /* GraphType.swift in Sources */,
				4767543C2B3792BC00C83E6D /* SleepCell.swift in Sources */,
				47D8DA662B4B37F000D97CD1 /* Bottle+CoreDataProperties.swift in Sources */,
				47E45E1B2B65ADA9005E5268 /* imageName.swift in Sources */,
				47494BD52B35ADAD002A0A93 /* ActivityController.swift in Sources */,
				4792E9572B8154BA00993195 /* ErrorSetting.swift in Sources */,
				47D8DA682B4B37F000D97CD1 /* Activity+CoreDataProperties.swift in Sources */,
				475F9FC52B616A69001C4A4E /* MonitorViewModel.swift in Sources */,
				475F9FC02B6109D9001C4A4E /* GraphView.swift in Sources */,
				4767543A2B37912F00C83E6D /* BackGroundActivity.swift in Sources */,
				47DB9E7F2B7100F800A58CAB /* SettingViewModel.swift in Sources */,
				4712D43B2B0A9B5C0085035C /* UILabel+.swift in Sources */,
				474C24402B717FE10002AD83 /* informationViewController.swift in Sources */,
				47B984CE2B77833F000DBB80 /* IconSettingViewController.swift in Sources */,
				47150DF92B7EAF97004A9220 /* GraphTypeTableViewCell.swift in Sources */,
				47A6D4532B861B5A0022FDB8 /* DetailGraphCell.swift in Sources */,
				4726966A2B3D8A18006BC301 /* SleepViewModel.swift in Sources */,
				47D8DA722B4B405800D97CD1 /* DateActivity+CoreDataProperties.swift in Sources */,
				4792CB592B3063720010AE38 /* SolideFeedingController.swift in Sources */,
				478E79072B1370DC004157AF /* BirthDayController.swift in Sources */,
				478E79092B1375F3004157AF /* BirthDayViewModel.swift in Sources */,
				47D8DA6B2B4B37F000D97CD1 /* Diaper+CoreDataClass.swift in Sources */,
				47467D0E2B5C6114006AB25B /* BottleFeedingViewModel.swift in Sources */,
				4719ABE52B0E96380088CBE2 /* BabyNameController.swift in Sources */,
				47D8DA652B4B37F000D97CD1 /* Bottle+CoreDataClass.swift in Sources */,
				47155BC82B1DE6E000775B27 /* BackgroundViewController.swift in Sources */,
				47A3A3542B0FE7FD00447362 /* WelcomeController.swift in Sources */,
				47D8DA5F2B4B37F000D97CD1 /* Solid+CoreDataClass.swift in Sources */,
				478E790B2B137CD1004157AF /* Date+.swift in Sources */,
				47D8DA742B4B45BE00D97CD1 /* CoreDataManager.swift in Sources */,
				4745E48C2B70315C0016C52F /* InformationUserSettingCell.swift in Sources */,
				47A6D4502B8619900022FDB8 /* DetailGraphViewController.swift in Sources */,
				4792CB5B2B3068270010AE38 /* SolideCell.swift in Sources */,
				47B2316A2B6C35C30079B436 /* DoctorViewController.swift in Sources */,
				47494BD32B35A7F9002A0A93 /* SleepController.swift in Sources */,
				4735B26E2B1145B7000F2B8C /* GenderController.swift in Sources */,
				4722368D2B6D88E800CBF044 /* DoctorViewModel.swift in Sources */,
				47AF89782B3A29E90068FE1F /* diaperCell.swift in Sources */,
				4738B4D22B287D830041ECF0 /* Int+.swift in Sources */,
				47D8DA6D2B4B37F000D97CD1 /* Growth+CoreDataClass.swift in Sources */,
				475071D82B09462000DAB527 /* AppDelegate.swift in Sources */,
				47D8DA692B4B37F000D97CD1 /* Breast+CoreDataClass.swift in Sources */,
				47AF89762B3A28200068FE1F /* diaperController.swift in Sources */,
				4777ABEF2B2501710055DF4A /* BreastFeedingController.swift in Sources */,
				47CABD8D2B128A5A00C5919A /* UserDefault+.swift in Sources */,
				47F81B9D2B6058430042A055 /* MonitorViewController.swift in Sources */,
				475071E22B09462000DAB527 /* MarmotMonitor.xcdatamodeld in Sources */,
				47C8F36C2B741BA500E94668 /* GraphtypeViewController.swift in Sources */,
				4772CA602B781E6000CEBDAE /* IconeSettingCell.swift in Sources */,
				47D7895F2B5E96AD00B4912D /* GrowthViewModel.swift in Sources */,
				4711F7742B1E70AB00869A27 /* Person.swift in Sources */,
				477B86932B3384D100333768 /* meal.swift in Sources */,
				475F9FC32B6163D9001C4A4E /* LegendGraphView.swift in Sources */,
				47916BBC2B7BD02600BD112A /* ApparenceSettingViewModel.swift in Sources */,
				4712D43D2B0A9BC50085035C /* UIView+.swift in Sources */,
				47C8F36E2B74280500E94668 /* GraphtypeViewModel.swift in Sources */,
				475071DA2B09462000DAB527 /* SceneDelegate.swift in Sources */,
				479A2A632B739AFA002C4FAF /* SettingCell.swift in Sources */,
			);
			runOnlyForDeploymentPostprocessing = 0;
		};
		475071E92B09462100DAB527 /* Sources */ = {
			isa = PBXSourcesBuildPhase;
			buildActionMask = 2147483647;
			files = (
				47D8DA792B4B49B600D97CD1 /* MarmotMonitoSaveManagerTest.swift in Sources */,
				472848222B58154700AA6B35 /* BreastFeedingChronoViewModelTest.swift in Sources */,
				4709E39F2B83757A009F1D27 /* SettingViewModelTest.swift in Sources */,
				472848242B5819FE00AA6B35 /* SolidFeedingViewModelTest.swift in Sources */,
				474732582B123F8D0064ABB4 /* UserDefaultsManagerTest.swift in Sources */,
				47D8DA7B2B4B4A0100D97CD1 /* TestCase.swift in Sources */,
				478E790D2B138099004157AF /* BirthDayViewModelTest.swift in Sources */,
				4748658A2B49F1AF00CB5E29 /* UserDefaultsManagerMock.swift in Sources */,
				47F675892B87DB7A00D65D3B /* DetailGraphViewModelTest.swift in Sources */,
				4792E9552B814D5100993195 /* informationViewModelTest.swift in Sources */,
				4779579D2B547ADD0021178D /* BenchMarkTest.swift in Sources */,
				472848262B5824AB00AA6B35 /* SleepViewModelTest.swift in Sources */,
				47CE16D12B62987400A51B78 /* MonitorViewModelTest.swift in Sources */,
				47D789612B5E9B6400B4912D /* GrowthViewmodelTest.swift in Sources */,
				475C3AC52B6EDDF2003E5BA8 /* DoctorViewModeltest.swift in Sources */,
				4747325A2B12432C0064ABB4 /* GenderViewModelTest.swift in Sources */,
				4711F7702B1E6C3B00869A27 /* TodayViewModelTest.swift in Sources */,
				47150DF72B7EA317004A9220 /* IconeSettingViewControllerTest.swift in Sources */,
				47D7E1B82B5566950038C6E2 /* CoreDataManagerMock.swift in Sources */,
				470808222B5D5046004258A5 /* BottleFeedingViewModelTest.swift in Sources */,
				473D95502B7D5F7000B632C6 /* ApparenceViewModelTest.swift in Sources */,
				475BD8F12B59B43F003F1158 /* DiaperViewModelTest.swift in Sources */,
			);
			runOnlyForDeploymentPostprocessing = 0;
		};
		475071F32B09462100DAB527 /* Sources */ = {
			isa = PBXSourcesBuildPhase;
			buildActionMask = 2147483647;
			files = (
				47CABD8F2B128D6A00C5919A /* UIApplication.swift in Sources */,
				475071FC2B09462100DAB527 /* MarmotMonitorUITests.swift in Sources */,
				471201392B88AE0000E63E8D /* MonitorAuditAccessibily.swift in Sources */,
				475071FE2B09462100DAB527 /* MarmotMonitorUITestsLaunchTests.swift in Sources */,
				47CABD912B128DBE00C5919A /* MarmotMonitorAuditAccessibility.swift in Sources */,
				4712013B2B88AF6C00E63E8D /* TodayAuditAccessibility.swift in Sources */,
				47D2BBD12B7FF32700095348 /* settingAuditAccessibilityTests.swift in Sources */,
			);
			runOnlyForDeploymentPostprocessing = 0;
		};
/* End PBXSourcesBuildPhase section */

/* Begin PBXTargetDependency section */
		475071EF2B09462100DAB527 /* PBXTargetDependency */ = {
			isa = PBXTargetDependency;
			target = 475071D32B09462000DAB527 /* MarmotMonitor */;
			targetProxy = 475071EE2B09462100DAB527 /* PBXContainerItemProxy */;
		};
		475071F92B09462100DAB527 /* PBXTargetDependency */ = {
			isa = PBXTargetDependency;
			target = 475071D32B09462000DAB527 /* MarmotMonitor */;
			targetProxy = 475071F82B09462100DAB527 /* PBXContainerItemProxy */;
		};
/* End PBXTargetDependency section */

/* Begin PBXVariantGroup section */
		475071E52B09462100DAB527 /* LaunchScreen.storyboard */ = {
			isa = PBXVariantGroup;
			children = (
				475071E62B09462100DAB527 /* Base */,
			);
			name = LaunchScreen.storyboard;
			sourceTree = "<group>";
		};
/* End PBXVariantGroup section */

/* Begin XCBuildConfiguration section */
		475071FF2B09462100DAB527 /* Debug */ = {
			isa = XCBuildConfiguration;
			buildSettings = {
				ALWAYS_SEARCH_USER_PATHS = NO;
				ASSETCATALOG_COMPILER_GENERATE_SWIFT_ASSET_SYMBOL_EXTENSIONS = YES;
				CLANG_ANALYZER_NONNULL = YES;
				CLANG_ANALYZER_NUMBER_OBJECT_CONVERSION = YES_AGGRESSIVE;
				CLANG_CXX_LANGUAGE_STANDARD = "gnu++20";
				CLANG_ENABLE_MODULES = YES;
				CLANG_ENABLE_OBJC_ARC = YES;
				CLANG_ENABLE_OBJC_WEAK = YES;
				CLANG_WARN_BLOCK_CAPTURE_AUTORELEASING = YES;
				CLANG_WARN_BOOL_CONVERSION = YES;
				CLANG_WARN_COMMA = YES;
				CLANG_WARN_CONSTANT_CONVERSION = YES;
				CLANG_WARN_DEPRECATED_OBJC_IMPLEMENTATIONS = YES;
				CLANG_WARN_DIRECT_OBJC_ISA_USAGE = YES_ERROR;
				CLANG_WARN_DOCUMENTATION_COMMENTS = YES;
				CLANG_WARN_EMPTY_BODY = YES;
				CLANG_WARN_ENUM_CONVERSION = YES;
				CLANG_WARN_INFINITE_RECURSION = YES;
				CLANG_WARN_INT_CONVERSION = YES;
				CLANG_WARN_NON_LITERAL_NULL_CONVERSION = YES;
				CLANG_WARN_OBJC_IMPLICIT_RETAIN_SELF = YES;
				CLANG_WARN_OBJC_LITERAL_CONVERSION = YES;
				CLANG_WARN_OBJC_ROOT_CLASS = YES_ERROR;
				CLANG_WARN_QUOTED_INCLUDE_IN_FRAMEWORK_HEADER = YES;
				CLANG_WARN_RANGE_LOOP_ANALYSIS = YES;
				CLANG_WARN_STRICT_PROTOTYPES = YES;
				CLANG_WARN_SUSPICIOUS_MOVE = YES;
				CLANG_WARN_UNGUARDED_AVAILABILITY = YES_AGGRESSIVE;
				CLANG_WARN_UNREACHABLE_CODE = YES;
				CLANG_WARN__DUPLICATE_METHOD_MATCH = YES;
				COPY_PHASE_STRIP = NO;
				DEBUG_INFORMATION_FORMAT = dwarf;
				ENABLE_STRICT_OBJC_MSGSEND = YES;
				ENABLE_TESTABILITY = YES;
				ENABLE_USER_SCRIPT_SANDBOXING = YES;
				GCC_C_LANGUAGE_STANDARD = gnu17;
				GCC_DYNAMIC_NO_PIC = NO;
				GCC_NO_COMMON_BLOCKS = YES;
				GCC_OPTIMIZATION_LEVEL = 0;
				GCC_PREPROCESSOR_DEFINITIONS = (
					"DEBUG=1",
					"$(inherited)",
				);
				GCC_WARN_64_TO_32_BIT_CONVERSION = YES;
				GCC_WARN_ABOUT_RETURN_TYPE = YES_ERROR;
				GCC_WARN_UNDECLARED_SELECTOR = YES;
				GCC_WARN_UNINITIALIZED_AUTOS = YES_AGGRESSIVE;
				GCC_WARN_UNUSED_FUNCTION = YES;
				GCC_WARN_UNUSED_VARIABLE = YES;
				IPHONEOS_DEPLOYMENT_TARGET = 15.0;
				LOCALIZATION_PREFERS_STRING_CATALOGS = YES;
				MTL_ENABLE_DEBUG_INFO = INCLUDE_SOURCE;
				MTL_FAST_MATH = YES;
				ONLY_ACTIVE_ARCH = YES;
				SDKROOT = iphoneos;
				SWIFT_ACTIVE_COMPILATION_CONDITIONS = "DEBUG $(inherited)";
				SWIFT_OPTIMIZATION_LEVEL = "-Onone";
			};
			name = Debug;
		};
		475072002B09462100DAB527 /* Release */ = {
			isa = XCBuildConfiguration;
			buildSettings = {
				ALWAYS_SEARCH_USER_PATHS = NO;
				ASSETCATALOG_COMPILER_GENERATE_SWIFT_ASSET_SYMBOL_EXTENSIONS = YES;
				CLANG_ANALYZER_NONNULL = YES;
				CLANG_ANALYZER_NUMBER_OBJECT_CONVERSION = YES_AGGRESSIVE;
				CLANG_CXX_LANGUAGE_STANDARD = "gnu++20";
				CLANG_ENABLE_MODULES = YES;
				CLANG_ENABLE_OBJC_ARC = YES;
				CLANG_ENABLE_OBJC_WEAK = YES;
				CLANG_WARN_BLOCK_CAPTURE_AUTORELEASING = YES;
				CLANG_WARN_BOOL_CONVERSION = YES;
				CLANG_WARN_COMMA = YES;
				CLANG_WARN_CONSTANT_CONVERSION = YES;
				CLANG_WARN_DEPRECATED_OBJC_IMPLEMENTATIONS = YES;
				CLANG_WARN_DIRECT_OBJC_ISA_USAGE = YES_ERROR;
				CLANG_WARN_DOCUMENTATION_COMMENTS = YES;
				CLANG_WARN_EMPTY_BODY = YES;
				CLANG_WARN_ENUM_CONVERSION = YES;
				CLANG_WARN_INFINITE_RECURSION = YES;
				CLANG_WARN_INT_CONVERSION = YES;
				CLANG_WARN_NON_LITERAL_NULL_CONVERSION = YES;
				CLANG_WARN_OBJC_IMPLICIT_RETAIN_SELF = YES;
				CLANG_WARN_OBJC_LITERAL_CONVERSION = YES;
				CLANG_WARN_OBJC_ROOT_CLASS = YES_ERROR;
				CLANG_WARN_QUOTED_INCLUDE_IN_FRAMEWORK_HEADER = YES;
				CLANG_WARN_RANGE_LOOP_ANALYSIS = YES;
				CLANG_WARN_STRICT_PROTOTYPES = YES;
				CLANG_WARN_SUSPICIOUS_MOVE = YES;
				CLANG_WARN_UNGUARDED_AVAILABILITY = YES_AGGRESSIVE;
				CLANG_WARN_UNREACHABLE_CODE = YES;
				CLANG_WARN__DUPLICATE_METHOD_MATCH = YES;
				COPY_PHASE_STRIP = NO;
				DEBUG_INFORMATION_FORMAT = "dwarf-with-dsym";
				ENABLE_NS_ASSERTIONS = NO;
				ENABLE_STRICT_OBJC_MSGSEND = YES;
				ENABLE_USER_SCRIPT_SANDBOXING = YES;
				GCC_C_LANGUAGE_STANDARD = gnu17;
				GCC_NO_COMMON_BLOCKS = YES;
				GCC_WARN_64_TO_32_BIT_CONVERSION = YES;
				GCC_WARN_ABOUT_RETURN_TYPE = YES_ERROR;
				GCC_WARN_UNDECLARED_SELECTOR = YES;
				GCC_WARN_UNINITIALIZED_AUTOS = YES_AGGRESSIVE;
				GCC_WARN_UNUSED_FUNCTION = YES;
				GCC_WARN_UNUSED_VARIABLE = YES;
				IPHONEOS_DEPLOYMENT_TARGET = 15.0;
				LOCALIZATION_PREFERS_STRING_CATALOGS = YES;
				MTL_ENABLE_DEBUG_INFO = NO;
				MTL_FAST_MATH = YES;
				SDKROOT = iphoneos;
				SWIFT_COMPILATION_MODE = wholemodule;
				VALIDATE_PRODUCT = YES;
			};
			name = Release;
		};
		475072022B09462100DAB527 /* Debug */ = {
			isa = XCBuildConfiguration;
			buildSettings = {
				ASSETCATALOG_COMPILER_APPICON_NAME = AppIcon;
				ASSETCATALOG_COMPILER_GLOBAL_ACCENT_COLOR_NAME = AccentColor;
				ASSETCATALOG_COMPILER_INCLUDE_ALL_APPICON_ASSETS = YES;
				CODE_SIGN_IDENTITY = "Apple Development";
				CODE_SIGN_STYLE = Automatic;
				CURRENT_PROJECT_VERSION = 1;
				DEVELOPMENT_TEAM = ZRWFG582AN;
				ENABLE_USER_SCRIPT_SANDBOXING = NO;
				GENERATE_INFOPLIST_FILE = YES;
				INFOPLIST_FILE = MarmotMonitor/Ressources/Info.plist;
				INFOPLIST_KEY_LSApplicationCategoryType = "public.app-category.medical";
				INFOPLIST_KEY_UIApplicationSupportsIndirectInputEvents = YES;
				INFOPLIST_KEY_UILaunchStoryboardName = LaunchScreen;
				INFOPLIST_KEY_UIMainStoryboardFile = "";
				INFOPLIST_KEY_UISupportedInterfaceOrientations = UIInterfaceOrientationPortrait;
				LD_RUNPATH_SEARCH_PATHS = (
					"$(inherited)",
					"@executable_path/Frameworks",
				);
				MARKETING_VERSION = 1.0;
				PRODUCT_BUNDLE_IDENTIFIER = pierrick.MarmotMonitor;
				PRODUCT_NAME = "$(TARGET_NAME)";
				PROVISIONING_PROFILE_SPECIFIER = "";
				SUPPORTED_PLATFORMS = "iphoneos iphonesimulator";
				SUPPORTS_MACCATALYST = NO;
				SUPPORTS_MAC_DESIGNED_FOR_IPHONE_IPAD = NO;
				SUPPORTS_XR_DESIGNED_FOR_IPHONE_IPAD = NO;
				SWIFT_EMIT_LOC_STRINGS = YES;
				SWIFT_VERSION = 5.0;
				TARGETED_DEVICE_FAMILY = 1;
			};
			name = Debug;
		};
		475072032B09462100DAB527 /* Release */ = {
			isa = XCBuildConfiguration;
			buildSettings = {
				ASSETCATALOG_COMPILER_APPICON_NAME = AppIcon;
				ASSETCATALOG_COMPILER_GLOBAL_ACCENT_COLOR_NAME = AccentColor;
				ASSETCATALOG_COMPILER_INCLUDE_ALL_APPICON_ASSETS = YES;
				CODE_SIGN_IDENTITY = "Apple Development";
				CODE_SIGN_STYLE = Automatic;
				CURRENT_PROJECT_VERSION = 1;
				DEVELOPMENT_TEAM = ZRWFG582AN;
				ENABLE_USER_SCRIPT_SANDBOXING = NO;
				GENERATE_INFOPLIST_FILE = YES;
				INFOPLIST_FILE = MarmotMonitor/Ressources/Info.plist;
				INFOPLIST_KEY_LSApplicationCategoryType = "public.app-category.medical";
				INFOPLIST_KEY_UIApplicationSupportsIndirectInputEvents = YES;
				INFOPLIST_KEY_UILaunchStoryboardName = LaunchScreen;
				INFOPLIST_KEY_UIMainStoryboardFile = "";
				INFOPLIST_KEY_UISupportedInterfaceOrientations = UIInterfaceOrientationPortrait;
				LD_RUNPATH_SEARCH_PATHS = (
					"$(inherited)",
					"@executable_path/Frameworks",
				);
				MARKETING_VERSION = 1.0;
				PRODUCT_BUNDLE_IDENTIFIER = pierrick.MarmotMonitor;
				PRODUCT_NAME = "$(TARGET_NAME)";
				PROVISIONING_PROFILE_SPECIFIER = "";
				SUPPORTED_PLATFORMS = "iphoneos iphonesimulator";
				SUPPORTS_MACCATALYST = NO;
				SUPPORTS_MAC_DESIGNED_FOR_IPHONE_IPAD = NO;
				SUPPORTS_XR_DESIGNED_FOR_IPHONE_IPAD = NO;
				SWIFT_EMIT_LOC_STRINGS = YES;
				SWIFT_VERSION = 5.0;
				TARGETED_DEVICE_FAMILY = 1;
			};
			name = Release;
		};
		475072052B09462100DAB527 /* Debug */ = {
			isa = XCBuildConfiguration;
			buildSettings = {
				ALWAYS_EMBED_SWIFT_STANDARD_LIBRARIES = YES;
				BUNDLE_LOADER = "$(TEST_HOST)";
				CODE_SIGN_STYLE = Automatic;
				CURRENT_PROJECT_VERSION = 1;
				DEVELOPMENT_TEAM = ZRWFG582AN;
				GENERATE_INFOPLIST_FILE = YES;
				IPHONEOS_DEPLOYMENT_TARGET = 17.0;
				MARKETING_VERSION = 1.0;
				PRODUCT_BUNDLE_IDENTIFIER = pierrick.MarmotMonitorTests;
				PRODUCT_NAME = "$(TARGET_NAME)";
				SWIFT_EMIT_LOC_STRINGS = NO;
				SWIFT_VERSION = 5.0;
				TARGETED_DEVICE_FAMILY = "1,2";
				TEST_HOST = "$(BUILT_PRODUCTS_DIR)/MarmotMonitor.app/$(BUNDLE_EXECUTABLE_FOLDER_PATH)/MarmotMonitor";
			};
			name = Debug;
		};
		475072062B09462100DAB527 /* Release */ = {
			isa = XCBuildConfiguration;
			buildSettings = {
				ALWAYS_EMBED_SWIFT_STANDARD_LIBRARIES = YES;
				BUNDLE_LOADER = "$(TEST_HOST)";
				CODE_SIGN_STYLE = Automatic;
				CURRENT_PROJECT_VERSION = 1;
				DEVELOPMENT_TEAM = ZRWFG582AN;
				GENERATE_INFOPLIST_FILE = YES;
				IPHONEOS_DEPLOYMENT_TARGET = 17.0;
				MARKETING_VERSION = 1.0;
				PRODUCT_BUNDLE_IDENTIFIER = pierrick.MarmotMonitorTests;
				PRODUCT_NAME = "$(TARGET_NAME)";
				SWIFT_EMIT_LOC_STRINGS = NO;
				SWIFT_VERSION = 5.0;
				TARGETED_DEVICE_FAMILY = "1,2";
				TEST_HOST = "$(BUILT_PRODUCTS_DIR)/MarmotMonitor.app/$(BUNDLE_EXECUTABLE_FOLDER_PATH)/MarmotMonitor";
			};
			name = Release;
		};
		475072082B09462100DAB527 /* Debug */ = {
			isa = XCBuildConfiguration;
			buildSettings = {
				ALWAYS_EMBED_SWIFT_STANDARD_LIBRARIES = YES;
				"CODE_SIGN_IDENTITY[sdk=macosx*]" = "-";
				CODE_SIGN_STYLE = Automatic;
				CURRENT_PROJECT_VERSION = 1;
				DEVELOPMENT_TEAM = ZRWFG582AN;
				GENERATE_INFOPLIST_FILE = YES;
				MARKETING_VERSION = 1.0;
				PRODUCT_BUNDLE_IDENTIFIER = pierrick.MarmotMonitorUITests;
				PRODUCT_NAME = "$(TARGET_NAME)";
				SWIFT_EMIT_LOC_STRINGS = NO;
				SWIFT_VERSION = 5.0;
				TARGETED_DEVICE_FAMILY = "1,2";
				TEST_TARGET_NAME = MarmotMonitor;
			};
			name = Debug;
		};
		475072092B09462100DAB527 /* Release */ = {
			isa = XCBuildConfiguration;
			buildSettings = {
				ALWAYS_EMBED_SWIFT_STANDARD_LIBRARIES = YES;
				"CODE_SIGN_IDENTITY[sdk=macosx*]" = "-";
				CODE_SIGN_STYLE = Automatic;
				CURRENT_PROJECT_VERSION = 1;
				DEVELOPMENT_TEAM = ZRWFG582AN;
				GENERATE_INFOPLIST_FILE = YES;
				MARKETING_VERSION = 1.0;
				PRODUCT_BUNDLE_IDENTIFIER = pierrick.MarmotMonitorUITests;
				PRODUCT_NAME = "$(TARGET_NAME)";
				SWIFT_EMIT_LOC_STRINGS = NO;
				SWIFT_VERSION = 5.0;
				TARGETED_DEVICE_FAMILY = "1,2";
				TEST_TARGET_NAME = MarmotMonitor;
			};
			name = Release;
		};
/* End XCBuildConfiguration section */

/* Begin XCConfigurationList section */
		475071CF2B09462000DAB527 /* Build configuration list for PBXProject "MarmotMonitor" */ = {
			isa = XCConfigurationList;
			buildConfigurations = (
				475071FF2B09462100DAB527 /* Debug */,
				475072002B09462100DAB527 /* Release */,
			);
			defaultConfigurationIsVisible = 0;
			defaultConfigurationName = Release;
		};
		475072012B09462100DAB527 /* Build configuration list for PBXNativeTarget "MarmotMonitor" */ = {
			isa = XCConfigurationList;
			buildConfigurations = (
				475072022B09462100DAB527 /* Debug */,
				475072032B09462100DAB527 /* Release */,
			);
			defaultConfigurationIsVisible = 0;
			defaultConfigurationName = Release;
		};
		475072042B09462100DAB527 /* Build configuration list for PBXNativeTarget "MarmotMonitorTests" */ = {
			isa = XCConfigurationList;
			buildConfigurations = (
				475072052B09462100DAB527 /* Debug */,
				475072062B09462100DAB527 /* Release */,
			);
			defaultConfigurationIsVisible = 0;
			defaultConfigurationName = Release;
		};
		475072072B09462100DAB527 /* Build configuration list for PBXNativeTarget "MarmotMonitorUITests" */ = {
			isa = XCConfigurationList;
			buildConfigurations = (
				475072082B09462100DAB527 /* Debug */,
				475072092B09462100DAB527 /* Release */,
			);
			defaultConfigurationIsVisible = 0;
			defaultConfigurationName = Release;
		};
/* End XCConfigurationList section */

/* Begin XCRemoteSwiftPackageReference section */
		47B231672B6C353E0079B436 /* XCRemoteSwiftPackageReference "Charts" */ = {
			isa = XCRemoteSwiftPackageReference;
			repositoryURL = "https://github.com/danielgindi/Charts.git";
			requirement = {
				kind = upToNextMajorVersion;
				minimumVersion = 5.0.0;
			};
		};
/* End XCRemoteSwiftPackageReference section */

/* Begin XCSwiftPackageProductDependency section */
		47B2316C2B6C390E0079B436 /* DGCharts */ = {
			isa = XCSwiftPackageProductDependency;
			package = 47B231672B6C353E0079B436 /* XCRemoteSwiftPackageReference "Charts" */;
			productName = DGCharts;
		};
/* End XCSwiftPackageProductDependency section */

/* Begin XCVersionGroup section */
		475071E02B09462000DAB527 /* MarmotMonitor.xcdatamodeld */ = {
			isa = XCVersionGroup;
			children = (
				475071E12B09462000DAB527 /* MarmotMonitor.xcdatamodel */,
			);
			currentVersion = 475071E12B09462000DAB527 /* MarmotMonitor.xcdatamodel */;
			path = MarmotMonitor.xcdatamodeld;
			sourceTree = "<group>";
			versionGroupType = wrapper.xcdatamodel;
		};
/* End XCVersionGroup section */
	};
	rootObject = 475071CC2B09462000DAB527 /* Project object */;
}
